// !$*UTF8*$!
{
	archiveVersion = 1;
	classes = {
	};
	objectVersion = 56;
	objects = {

/* Begin PBXBuildFile section */
		7AB037992B65979C0001801F /* binding_stateApp.swift in Sources */ = {isa = PBXBuildFile; fileRef = 7AB037982B65979C0001801F /* binding_stateApp.swift */; };
		7AB0379B2B65979C0001801F /* ContentView.swift in Sources */ = {isa = PBXBuildFile; fileRef = 7AB0379A2B65979C0001801F /* ContentView.swift */; };
		7AB0379D2B65979E0001801F /* Assets.xcassets in Resources */ = {isa = PBXBuildFile; fileRef = 7AB0379C2B65979E0001801F /* Assets.xcassets */; };
		7AB037A12B65979E0001801F /* Preview Assets.xcassets in Resources */ = {isa = PBXBuildFile; fileRef = 7AB037A02B65979E0001801F /* Preview Assets.xcassets */; };
		7AB037AB2B65979E0001801F /* binding_stateTests.swift in Sources */ = {isa = PBXBuildFile; fileRef = 7AB037AA2B65979E0001801F /* binding_stateTests.swift */; };
		7AB037B52B65979E0001801F /* binding_stateUITests.swift in Sources */ = {isa = PBXBuildFile; fileRef = 7AB037B42B65979E0001801F /* binding_stateUITests.swift */; };
		7AB037B72B65979E0001801F /* binding_stateUITestsLaunchTests.swift in Sources */ = {isa = PBXBuildFile; fileRef = 7AB037B62B65979E0001801F /* binding_stateUITestsLaunchTests.swift */; };
/* End PBXBuildFile section */

/* Begin PBXContainerItemProxy section */
		7AB037A72B65979E0001801F /* PBXContainerItemProxy */ = {
			isa = PBXContainerItemProxy;
			containerPortal = 7AB0378D2B65979B0001801F /* Project object */;
			proxyType = 1;
			remoteGlobalIDString = 7AB037942B65979C0001801F;
			remoteInfo = binding_state;
		};
		7AB037B12B65979E0001801F /* PBXContainerItemProxy */ = {
			isa = PBXContainerItemProxy;
			containerPortal = 7AB0378D2B65979B0001801F /* Project object */;
			proxyType = 1;
			remoteGlobalIDString = 7AB037942B65979C0001801F;
			remoteInfo = binding_state;
		};
/* End PBXContainerItemProxy section */

/* Begin PBXFileReference section */
		7AB037952B65979C0001801F /* binding_state.app */ = {isa = PBXFileReference; explicitFileType = wrapper.application; includeInIndex = 0; path = binding_state.app; sourceTree = BUILT_PRODUCTS_DIR; };
		7AB037982B65979C0001801F /* binding_stateApp.swift */ = {isa = PBXFileReference; lastKnownFileType = sourcecode.swift; path = binding_stateApp.swift; sourceTree = "<group>"; };
		7AB0379A2B65979C0001801F /* ContentView.swift */ = {isa = PBXFileReference; lastKnownFileType = sourcecode.swift; path = ContentView.swift; sourceTree = "<group>"; };
		7AB0379C2B65979E0001801F /* Assets.xcassets */ = {isa = PBXFileReference; lastKnownFileType = folder.assetcatalog; path = Assets.xcassets; sourceTree = "<group>"; };
		7AB0379E2B65979E0001801F /* binding_state.entitlements */ = {isa = PBXFileReference; lastKnownFileType = text.plist.entitlements; path = binding_state.entitlements; sourceTree = "<group>"; };
		7AB037A02B65979E0001801F /* Preview Assets.xcassets */ = {isa = PBXFileReference; lastKnownFileType = folder.assetcatalog; path = "Preview Assets.xcassets"; sourceTree = "<group>"; };
		7AB037A62B65979E0001801F /* binding_stateTests.xctest */ = {isa = PBXFileReference; explicitFileType = wrapper.cfbundle; includeInIndex = 0; path = binding_stateTests.xctest; sourceTree = BUILT_PRODUCTS_DIR; };
		7AB037AA2B65979E0001801F /* binding_stateTests.swift */ = {isa = PBXFileReference; lastKnownFileType = sourcecode.swift; path = binding_stateTests.swift; sourceTree = "<group>"; };
		7AB037B02B65979E0001801F /* binding_stateUITests.xctest */ = {isa = PBXFileReference; explicitFileType = wrapper.cfbundle; includeInIndex = 0; path = binding_stateUITests.xctest; sourceTree = BUILT_PRODUCTS_DIR; };
		7AB037B42B65979E0001801F /* binding_stateUITests.swift */ = {isa = PBXFileReference; lastKnownFileType = sourcecode.swift; path = binding_stateUITests.swift; sourceTree = "<group>"; };
		7AB037B62B65979E0001801F /* binding_stateUITestsLaunchTests.swift */ = {isa = PBXFileReference; lastKnownFileType = sourcecode.swift; path = binding_stateUITestsLaunchTests.swift; sourceTree = "<group>"; };
/* End PBXFileReference section */

/* Begin PBXFrameworksBuildPhase section */
		7AB037922B65979C0001801F /* Frameworks */ = {
			isa = PBXFrameworksBuildPhase;
			buildActionMask = 2147483647;
			files = (
			);
			runOnlyForDeploymentPostprocessing = 0;
		};
		7AB037A32B65979E0001801F /* Frameworks */ = {
			isa = PBXFrameworksBuildPhase;
			buildActionMask = 2147483647;
			files = (
			);
			runOnlyForDeploymentPostprocessing = 0;
		};
		7AB037AD2B65979E0001801F /* Frameworks */ = {
			isa = PBXFrameworksBuildPhase;
			buildActionMask = 2147483647;
			files = (
			);
			runOnlyForDeploymentPostprocessing = 0;
		};
/* End PBXFrameworksBuildPhase section */

/* Begin PBXGroup section */
		7AB0378C2B65979B0001801F = {
			isa = PBXGroup;
			children = (
				7AB037972B65979C0001801F /* binding_state */,
				7AB037A92B65979E0001801F /* binding_stateTests */,
				7AB037B32B65979E0001801F /* binding_stateUITests */,
				7AB037962B65979C0001801F /* Products */,
			);
			sourceTree = "<group>";
		};
		7AB037962B65979C0001801F /* Products */ = {
			isa = PBXGroup;
			children = (
				7AB037952B65979C0001801F /* binding_state.app */,
				7AB037A62B65979E0001801F /* binding_stateTests.xctest */,
				7AB037B02B65979E0001801F /* binding_stateUITests.xctest */,
			);
			name = Products;
			sourceTree = "<group>";
		};
		7AB037972B65979C0001801F /* binding_state */ = {
			isa = PBXGroup;
			children = (
				7AB037982B65979C0001801F /* binding_stateApp.swift */,
				7AB0379A2B65979C0001801F /* ContentView.swift */,
				7AB0379C2B65979E0001801F /* Assets.xcassets */,
				7AB0379E2B65979E0001801F /* binding_state.entitlements */,
				7AB0379F2B65979E0001801F /* Preview Content */,
			);
			path = binding_state;
			sourceTree = "<group>";
		};
		7AB0379F2B65979E0001801F /* Preview Content */ = {
			isa = PBXGroup;
			children = (
				7AB037A02B65979E0001801F /* Preview Assets.xcassets */,
			);
			path = "Preview Content";
			sourceTree = "<group>";
		};
		7AB037A92B65979E0001801F /* binding_stateTests */ = {
			isa = PBXGroup;
			children = (
				7AB037AA2B65979E0001801F /* binding_stateTests.swift */,
			);
			path = binding_stateTests;
			sourceTree = "<group>";
		};
		7AB037B32B65979E0001801F /* binding_stateUITests */ = {
			isa = PBXGroup;
			children = (
				7AB037B42B65979E0001801F /* binding_stateUITests.swift */,
				7AB037B62B65979E0001801F /* binding_stateUITestsLaunchTests.swift */,
			);
			path = binding_stateUITests;
			sourceTree = "<group>";
		};
/* End PBXGroup section */

/* Begin PBXNativeTarget section */
		7AB037942B65979C0001801F /* binding_state */ = {
			isa = PBXNativeTarget;
			buildConfigurationList = 7AB037BA2B65979E0001801F /* Build configuration list for PBXNativeTarget "binding_state" */;
			buildPhases = (
				7AB037912B65979C0001801F /* Sources */,
				7AB037922B65979C0001801F /* Frameworks */,
				7AB037932B65979C0001801F /* Resources */,
			);
			buildRules = (
			);
			dependencies = (
			);
			name = binding_state;
			productName = binding_state;
			productReference = 7AB037952B65979C0001801F /* binding_state.app */;
			productType = "com.apple.product-type.application";
		};
		7AB037A52B65979E0001801F /* binding_stateTests */ = {
			isa = PBXNativeTarget;
			buildConfigurationList = 7AB037BD2B65979E0001801F /* Build configuration list for PBXNativeTarget "binding_stateTests" */;
			buildPhases = (
				7AB037A22B65979E0001801F /* Sources */,
				7AB037A32B65979E0001801F /* Frameworks */,
				7AB037A42B65979E0001801F /* Resources */,
			);
			buildRules = (
			);
			dependencies = (
				7AB037A82B65979E0001801F /* PBXTargetDependency */,
			);
			name = binding_stateTests;
			productName = binding_stateTests;
			productReference = 7AB037A62B65979E0001801F /* binding_stateTests.xctest */;
			productType = "com.apple.product-type.bundle.unit-test";
		};
		7AB037AF2B65979E0001801F /* binding_stateUITests */ = {
			isa = PBXNativeTarget;
			buildConfigurationList = 7AB037C02B65979E0001801F /* Build configuration list for PBXNativeTarget "binding_stateUITests" */;
			buildPhases = (
				7AB037AC2B65979E0001801F /* Sources */,
				7AB037AD2B65979E0001801F /* Frameworks */,
				7AB037AE2B65979E0001801F /* Resources */,
			);
			buildRules = (
			);
			dependencies = (
				7AB037B22B65979E0001801F /* PBXTargetDependency */,
			);
			name = binding_stateUITests;
			productName = binding_stateUITests;
			productReference = 7AB037B02B65979E0001801F /* binding_stateUITests.xctest */;
			productType = "com.apple.product-type.bundle.ui-testing";
		};
/* End PBXNativeTarget section */

/* Begin PBXProject section */
		7AB0378D2B65979B0001801F /* Project object */ = {
			isa = PBXProject;
			attributes = {
				BuildIndependentTargetsInParallel = 1;
				LastSwiftUpdateCheck = 1430;
				LastUpgradeCheck = 1430;
				TargetAttributes = {
					7AB037942B65979C0001801F = {
						CreatedOnToolsVersion = 14.3.1;
					};
					7AB037A52B65979E0001801F = {
						CreatedOnToolsVersion = 14.3.1;
						TestTargetID = 7AB037942B65979C0001801F;
					};
					7AB037AF2B65979E0001801F = {
						CreatedOnToolsVersion = 14.3.1;
						TestTargetID = 7AB037942B65979C0001801F;
					};
				};
			};
			buildConfigurationList = 7AB037902B65979B0001801F /* Build configuration list for PBXProject "binding_state" */;
			compatibilityVersion = "Xcode 14.0";
			developmentRegion = en;
			hasScannedForEncodings = 0;
			knownRegions = (
				en,
				Base,
			);
			mainGroup = 7AB0378C2B65979B0001801F;
			productRefGroup = 7AB037962B65979C0001801F /* Products */;
			projectDirPath = "";
			projectRoot = "";
			targets = (
				7AB037942B65979C0001801F /* binding_state */,
				7AB037A52B65979E0001801F /* binding_stateTests */,
				7AB037AF2B65979E0001801F /* binding_stateUITests */,
			);
		};
/* End PBXProject section */

/* Begin PBXResourcesBuildPhase section */
		7AB037932B65979C0001801F /* Resources */ = {
			isa = PBXResourcesBuildPhase;
			buildActionMask = 2147483647;
			files = (
				7AB037A12B65979E0001801F /* Preview Assets.xcassets in Resources */,
				7AB0379D2B65979E0001801F /* Assets.xcassets in Resources */,
			);
			runOnlyForDeploymentPostprocessing = 0;
		};
		7AB037A42B65979E0001801F /* Resources */ = {
			isa = PBXResourcesBuildPhase;
			buildActionMask = 2147483647;
			files = (
			);
			runOnlyForDeploymentPostprocessing = 0;
		};
		7AB037AE2B65979E0001801F /* Resources */ = {
			isa = PBXResourcesBuildPhase;
			buildActionMask = 2147483647;
			files = (
			);
			runOnlyForDeploymentPostprocessing = 0;
		};
/* End PBXResourcesBuildPhase section */

/* Begin PBXSourcesBuildPhase section */
		7AB037912B65979C0001801F /* Sources */ = {
			isa = PBXSourcesBuildPhase;
			buildActionMask = 2147483647;
			files = (
				7AB0379B2B65979C0001801F /* ContentView.swift in Sources */,
				7AB037992B65979C0001801F /* binding_stateApp.swift in Sources */,
			);
			runOnlyForDeploymentPostprocessing = 0;
		};
		7AB037A22B65979E0001801F /* Sources */ = {
			isa = PBXSourcesBuildPhase;
			buildActionMask = 2147483647;
			files = (
				7AB037AB2B65979E0001801F /* binding_stateTests.swift in Sources */,
			);
			runOnlyForDeploymentPostprocessing = 0;
		};
		7AB037AC2B65979E0001801F /* Sources */ = {
			isa = PBXSourcesBuildPhase;
			buildActionMask = 2147483647;
			files = (
				7AB037B72B65979E0001801F /* binding_stateUITestsLaunchTests.swift in Sources */,
				7AB037B52B65979E0001801F /* binding_stateUITests.swift in Sources */,
			);
			runOnlyForDeploymentPostprocessing = 0;
		};
/* End PBXSourcesBuildPhase section */

/* Begin PBXTargetDependency section */
		7AB037A82B65979E0001801F /* PBXTargetDependency */ = {
			isa = PBXTargetDependency;
			target = 7AB037942B65979C0001801F /* binding_state */;
			targetProxy = 7AB037A72B65979E0001801F /* PBXContainerItemProxy */;
		};
		7AB037B22B65979E0001801F /* PBXTargetDependency */ = {
			isa = PBXTargetDependency;
			target = 7AB037942B65979C0001801F /* binding_state */;
			targetProxy = 7AB037B12B65979E0001801F /* PBXContainerItemProxy */;
		};
/* End PBXTargetDependency section */

/* Begin XCBuildConfiguration section */
		7AB037B82B65979E0001801F /* Debug */ = {
			isa = XCBuildConfiguration;
			buildSettings = {
				ALWAYS_SEARCH_USER_PATHS = NO;
				CLANG_ANALYZER_NONNULL = YES;
				CLANG_ANALYZER_NUMBER_OBJECT_CONVERSION = YES_AGGRESSIVE;
				CLANG_CXX_LANGUAGE_STANDARD = "gnu++20";
				CLANG_ENABLE_MODULES = YES;
				CLANG_ENABLE_OBJC_ARC = YES;
				CLANG_ENABLE_OBJC_WEAK = YES;
				CLANG_WARN_BLOCK_CAPTURE_AUTORELEASING = YES;
				CLANG_WARN_BOOL_CONVERSION = YES;
				CLANG_WARN_COMMA = YES;
				CLANG_WARN_CONSTANT_CONVERSION = YES;
				CLANG_WARN_DEPRECATED_OBJC_IMPLEMENTATIONS = YES;
				CLANG_WARN_DIRECT_OBJC_ISA_USAGE = YES_ERROR;
				CLANG_WARN_DOCUMENTATION_COMMENTS = YES;
				CLANG_WARN_EMPTY_BODY = YES;
				CLANG_WARN_ENUM_CONVERSION = YES;
				CLANG_WARN_INFINITE_RECURSION = YES;
				CLANG_WARN_INT_CONVERSION = YES;
				CLANG_WARN_NON_LITERAL_NULL_CONVERSION = YES;
				CLANG_WARN_OBJC_IMPLICIT_RETAIN_SELF = YES;
				CLANG_WARN_OBJC_LITERAL_CONVERSION = YES;
				CLANG_WARN_OBJC_ROOT_CLASS = YES_ERROR;
				CLANG_WARN_QUOTED_INCLUDE_IN_FRAMEWORK_HEADER = YES;
				CLANG_WARN_RANGE_LOOP_ANALYSIS = YES;
				CLANG_WARN_STRICT_PROTOTYPES = YES;
				CLANG_WARN_SUSPICIOUS_MOVE = YES;
				CLANG_WARN_UNGUARDED_AVAILABILITY = YES_AGGRESSIVE;
				CLANG_WARN_UNREACHABLE_CODE = YES;
				CLANG_WARN__DUPLICATE_METHOD_MATCH = YES;
				COPY_PHASE_STRIP = NO;
				DEBUG_INFORMATION_FORMAT = dwarf;
				ENABLE_STRICT_OBJC_MSGSEND = YES;
				ENABLE_TESTABILITY = YES;
				GCC_C_LANGUAGE_STANDARD = gnu11;
				GCC_DYNAMIC_NO_PIC = NO;
				GCC_NO_COMMON_BLOCKS = YES;
				GCC_OPTIMIZATION_LEVEL = 0;
				GCC_PREPROCESSOR_DEFINITIONS = (
					"DEBUG=1",
					"$(inherited)",
				);
				GCC_WARN_64_TO_32_BIT_CONVERSION = YES;
				GCC_WARN_ABOUT_RETURN_TYPE = YES_ERROR;
				GCC_WARN_UNDECLARED_SELECTOR = YES;
				GCC_WARN_UNINITIALIZED_AUTOS = YES_AGGRESSIVE;
				GCC_WARN_UNUSED_FUNCTION = YES;
				GCC_WARN_UNUSED_VARIABLE = YES;
				MTL_ENABLE_DEBUG_INFO = INCLUDE_SOURCE;
				MTL_FAST_MATH = YES;
				ONLY_ACTIVE_ARCH = YES;
				SWIFT_ACTIVE_COMPILATION_CONDITIONS = DEBUG;
				SWIFT_OPTIMIZATION_LEVEL = "-Onone";
			};
			name = Debug;
		};
		7AB037B92B65979E0001801F /* Release */ = {
			isa = XCBuildConfiguration;
			buildSettings = {
				ALWAYS_SEARCH_USER_PATHS = NO;
				CLANG_ANALYZER_NONNULL = YES;
				CLANG_ANALYZER_NUMBER_OBJECT_CONVERSION = YES_AGGRESSIVE;
				CLANG_CXX_LANGUAGE_STANDARD = "gnu++20";
				CLANG_ENABLE_MODULES = YES;
				CLANG_ENABLE_OBJC_ARC = YES;
				CLANG_ENABLE_OBJC_WEAK = YES;
				CLANG_WARN_BLOCK_CAPTURE_AUTORELEASING = YES;
				CLANG_WARN_BOOL_CONVERSION = YES;
				CLANG_WARN_COMMA = YES;
				CLANG_WARN_CONSTANT_CONVERSION = YES;
				CLANG_WARN_DEPRECATED_OBJC_IMPLEMENTATIONS = YES;
				CLANG_WARN_DIRECT_OBJC_ISA_USAGE = YES_ERROR;
				CLANG_WARN_DOCUMENTATION_COMMENTS = YES;
				CLANG_WARN_EMPTY_BODY = YES;
				CLANG_WARN_ENUM_CONVERSION = YES;
				CLANG_WARN_INFINITE_RECURSION = YES;
				CLANG_WARN_INT_CONVERSION = YES;
				CLANG_WARN_NON_LITERAL_NULL_CONVERSION = YES;
				CLANG_WARN_OBJC_IMPLICIT_RETAIN_SELF = YES;
				CLANG_WARN_OBJC_LITERAL_CONVERSION = YES;
				CLANG_WARN_OBJC_ROOT_CLASS = YES_ERROR;
				CLANG_WARN_QUOTED_INCLUDE_IN_FRAMEWORK_HEADER = YES;
				CLANG_WARN_RANGE_LOOP_ANALYSIS = YES;
				CLANG_WARN_STRICT_PROTOTYPES = YES;
				CLANG_WARN_SUSPICIOUS_MOVE = YES;
				CLANG_WARN_UNGUARDED_AVAILABILITY = YES_AGGRESSIVE;
				CLANG_WARN_UNREACHABLE_CODE = YES;
				CLANG_WARN__DUPLICATE_METHOD_MATCH = YES;
				COPY_PHASE_STRIP = NO;
				DEBUG_INFORMATION_FORMAT = "dwarf-with-dsym";
				ENABLE_NS_ASSERTIONS = NO;
				ENABLE_STRICT_OBJC_MSGSEND = YES;
				GCC_C_LANGUAGE_STANDARD = gnu11;
				GCC_NO_COMMON_BLOCKS = YES;
				GCC_WARN_64_TO_32_BIT_CONVERSION = YES;
				GCC_WARN_ABOUT_RETURN_TYPE = YES_ERROR;
				GCC_WARN_UNDECLARED_SELECTOR = YES;
				GCC_WARN_UNINITIALIZED_AUTOS = YES_AGGRESSIVE;
				GCC_WARN_UNUSED_FUNCTION = YES;
				GCC_WARN_UNUSED_VARIABLE = YES;
				MTL_ENABLE_DEBUG_INFO = NO;
				MTL_FAST_MATH = YES;
				SWIFT_COMPILATION_MODE = wholemodule;
				SWIFT_OPTIMIZATION_LEVEL = "-O";
			};
			name = Release;
		};
		7AB037BB2B65979E0001801F /* Debug */ = {
			isa = XCBuildConfiguration;
			buildSettings = {
				ASSETCATALOG_COMPILER_APPICON_NAME = AppIcon;
				ASSETCATALOG_COMPILER_GLOBAL_ACCENT_COLOR_NAME = AccentColor;
				CODE_SIGN_ENTITLEMENTS = binding_state/binding_state.entitlements;
				CODE_SIGN_STYLE = Automatic;
				CURRENT_PROJECT_VERSION = 1;
				DEVELOPMENT_ASSET_PATHS = "\"binding_state/Preview Content\"";
				ENABLE_PREVIEWS = YES;
				GENERATE_INFOPLIST_FILE = YES;
				"INFOPLIST_KEY_UIApplicationSceneManifest_Generation[sdk=iphoneos*]" = YES;
				"INFOPLIST_KEY_UIApplicationSceneManifest_Generation[sdk=iphonesimulator*]" = YES;
				"INFOPLIST_KEY_UIApplicationSupportsIndirectInputEvents[sdk=iphoneos*]" = YES;
				"INFOPLIST_KEY_UIApplicationSupportsIndirectInputEvents[sdk=iphonesimulator*]" = YES;
				"INFOPLIST_KEY_UILaunchScreen_Generation[sdk=iphoneos*]" = YES;
				"INFOPLIST_KEY_UILaunchScreen_Generation[sdk=iphonesimulator*]" = YES;
				"INFOPLIST_KEY_UIStatusBarStyle[sdk=iphoneos*]" = UIStatusBarStyleDefault;
				"INFOPLIST_KEY_UIStatusBarStyle[sdk=iphonesimulator*]" = UIStatusBarStyleDefault;
				INFOPLIST_KEY_UISupportedInterfaceOrientations_iPad = "UIInterfaceOrientationPortrait UIInterfaceOrientationPortraitUpsideDown UIInterfaceOrientationLandscapeLeft UIInterfaceOrientationLandscapeRight";
				INFOPLIST_KEY_UISupportedInterfaceOrientations_iPhone = "UIInterfaceOrientationPortrait UIInterfaceOrientationLandscapeLeft UIInterfaceOrientationLandscapeRight";
				IPHONEOS_DEPLOYMENT_TARGET = 16.4;
				LD_RUNPATH_SEARCH_PATHS = "@executable_path/Frameworks";
				"LD_RUNPATH_SEARCH_PATHS[sdk=macosx*]" = "@executable_path/../Frameworks";
				MACOSX_DEPLOYMENT_TARGET = 13.3;
				MARKETING_VERSION = 1.0;
				PRODUCT_BUNDLE_IDENTIFIER = "ja.binding-state";
				PRODUCT_NAME = "$(TARGET_NAME)";
				SDKROOT = auto;
				SUPPORTED_PLATFORMS = "iphoneos iphonesimulator macosx";
				SWIFT_EMIT_LOC_STRINGS = YES;
				SWIFT_VERSION = 5.0;
				TARGETED_DEVICE_FAMILY = "1,2";
			};
			name = Debug;
		};
		7AB037BC2B65979E0001801F /* Release */ = {
			isa = XCBuildConfiguration;
			buildSettings = {
				ASSETCATALOG_COMPILER_APPICON_NAME = AppIcon;
				ASSETCATALOG_COMPILER_GLOBAL_ACCENT_COLOR_NAME = AccentColor;
				CODE_SIGN_ENTITLEMENTS = binding_state/binding_state.entitlements;
				CODE_SIGN_STYLE = Automatic;
				CURRENT_PROJECT_VERSION = 1;
				DEVELOPMENT_ASSET_PATHS = "\"binding_state/Preview Content\"";
				ENABLE_PREVIEWS = YES;
				GENERATE_INFOPLIST_FILE = YES;
				"INFOPLIST_KEY_UIApplicationSceneManifest_Generation[sdk=iphoneos*]" = YES;
				"INFOPLIST_KEY_UIApplicationSceneManifest_Generation[sdk=iphonesimulator*]" = YES;
				"INFOPLIST_KEY_UIApplicationSupportsIndirectInputEvents[sdk=iphoneos*]" = YES;
				"INFOPLIST_KEY_UIApplicationSupportsIndirectInputEvents[sdk=iphonesimulator*]" = YES;
				"INFOPLIST_KEY_UILaunchScreen_Generation[sdk=iphoneos*]" = YES;
				"INFOPLIST_KEY_UILaunchScreen_Generation[sdk=iphonesimulator*]" = YES;
				"INFOPLIST_KEY_UIStatusBarStyle[sdk=iphoneos*]" = UIStatusBarStyleDefault;
				"INFOPLIST_KEY_UIStatusBarStyle[sdk=iphonesimulator*]" = UIStatusBarStyleDefault;
				INFOPLIST_KEY_UISupportedInterfaceOrientations_iPad = "UIInterfaceOrientationPortrait UIInterfaceOrientationPortraitUpsideDown UIInterfaceOrientationLandscapeLeft UIInterfaceOrientationLandscapeRight";
				INFOPLIST_KEY_UISupportedInterfaceOrientations_iPhone = "UIInterfaceOrientationPortrait UIInterfaceOrientationLandscapeLeft UIInterfaceOrientationLandscapeRight";
				IPHONEOS_DEPLOYMENT_TARGET = 16.4;
				LD_RUNPATH_SEARCH_PATHS = "@executable_path/Frameworks";
				"LD_RUNPATH_SEARCH_PATHS[sdk=macosx*]" = "@executable_path/../Frameworks";
				MACOSX_DEPLOYMENT_TARGET = 13.3;
				MARKETING_VERSION = 1.0;
				PRODUCT_BUNDLE_IDENTIFIER = "ja.binding-state";
				PRODUCT_NAME = "$(TARGET_NAME)";
				SDKROOT = auto;
				SUPPORTED_PLATFORMS = "iphoneos iphonesimulator macosx";
				SWIFT_EMIT_LOC_STRINGS = YES;
				SWIFT_VERSION = 5.0;
				TARGETED_DEVICE_FAMILY = "1,2";
			};
			name = Release;
		};
		7AB037BE2B65979E0001801F /* Debug */ = {
			isa = XCBuildConfiguration;
			buildSettings = {
				ALWAYS_EMBED_SWIFT_STANDARD_LIBRARIES = YES;
				BUNDLE_LOADER = "$(TEST_HOST)";
				CODE_SIGN_STYLE = Automatic;
				CURRENT_PROJECT_VERSION = 1;
				GENERATE_INFOPLIST_FILE = YES;
				IPHONEOS_DEPLOYMENT_TARGET = 16.4;
				MACOSX_DEPLOYMENT_TARGET = 13.3;
				MARKETING_VERSION = 1.0;
				PRODUCT_BUNDLE_IDENTIFIER = "ja.binding-stateTests";
				PRODUCT_NAME = "$(TARGET_NAME)";
				SDKROOT = auto;
				SUPPORTED_PLATFORMS = "iphoneos iphonesimulator macosx";
				SWIFT_EMIT_LOC_STRINGS = NO;
				SWIFT_VERSION = 5.0;
				TARGETED_DEVICE_FAMILY = "1,2";
				TEST_HOST = "$(BUILT_PRODUCTS_DIR)/binding_state.app/$(BUNDLE_EXECUTABLE_FOLDER_PATH)/binding_state";
			};
			name = Debug;
		};
		7AB037BF2B65979E0001801F /* Release */ = {
			isa = XCBuildConfiguration;
			buildSettings = {
				ALWAYS_EMBED_SWIFT_STANDARD_LIBRARIES = YES;
				BUNDLE_LOADER = "$(TEST_HOST)";
				CODE_SIGN_STYLE = Automatic;
				CURRENT_PROJECT_VERSION = 1;
				GENERATE_INFOPLIST_FILE = YES;
				IPHONEOS_DEPLOYMENT_TARGET = 16.4;
				MACOSX_DEPLOYMENT_TARGET = 13.3;
				MARKETING_VERSION = 1.0;
				PRODUCT_BUNDLE_IDENTIFIER = "ja.binding-stateTests";
				PRODUCT_NAME = "$(TARGET_NAME)";
				SDKROOT = auto;
				SUPPORTED_PLATFORMS = "iphoneos iphonesimulator macosx";
				SWIFT_EMIT_LOC_STRINGS = NO;
				SWIFT_VERSION = 5.0;
				TARGETED_DEVICE_FAMILY = "1,2";
				TEST_HOST = "$(BUILT_PRODUCTS_DIR)/binding_state.app/$(BUNDLE_EXECUTABLE_FOLDER_PATH)/binding_state";
			};
			name = Release;
		};
		7AB037C12B65979E0001801F /* Debug */ = {
			isa = XCBuildConfiguration;
			buildSettings = {
				ALWAYS_EMBED_SWIFT_STANDARD_LIBRARIES = YES;
				CODE_SIGN_STYLE = Automatic;
				CURRENT_PROJECT_VERSION = 1;
				GENERATE_INFOPLIST_FILE = YES;
				IPHONEOS_DEPLOYMENT_TARGET = 16.4;
				MACOSX_DEPLOYMENT_TARGET = 13.3;
				MARKETING_VERSION = 1.0;
				PRODUCT_BUNDLE_IDENTIFIER = "ja.binding-stateUITests";
				PRODUCT_NAME = "$(TARGET_NAME)";
				SDKROOT = auto;
				SUPPORTED_PLATFORMS = "iphoneos iphonesimulator macosx";
				SWIFT_EMIT_LOC_STRINGS = NO;
				SWIFT_VERSION = 5.0;
				TARGETED_DEVICE_FAMILY = "1,2";
				TEST_TARGET_NAME = binding_state;
			};
			name = Debug;
		};
		7AB037C22B65979E0001801F /* Release */ = {
			isa = XCBuildConfiguration;
			buildSettings = {
				ALWAYS_EMBED_SWIFT_STANDARD_LIBRARIES = YES;
				CODE_SIGN_STYLE = Automatic;
				CURRENT_PROJECT_VERSION = 1;
				GENERATE_INFOPLIST_FILE = YES;
				IPHONEOS_DEPLOYMENT_TARGET = 16.4;
				MACOSX_DEPLOYMENT_TARGET = 13.3;
				MARKETING_VERSION = 1.0;
				PRODUCT_BUNDLE_IDENTIFIER = "ja.binding-stateUITests";
				PRODUCT_NAME = "$(TARGET_NAME)";
				SDKROOT = auto;
				SUPPORTED_PLATFORMS = "iphoneos iphonesimulator macosx";
				SWIFT_EMIT_LOC_STRINGS = NO;
				SWIFT_VERSION = 5.0;
				TARGETED_DEVICE_FAMILY = "1,2";
				TEST_TARGET_NAME = binding_state;
			};
			name = Release;
		};
/* End XCBuildConfiguration section */

/* Begin XCConfigurationList section */
		7AB037902B65979B0001801F /* Build configuration list for PBXProject "binding_state" */ = {
			isa = XCConfigurationList;
			buildConfigurations = (
				7AB037B82B65979E0001801F /* Debug */,
				7AB037B92B65979E0001801F /* Release */,
			);
			defaultConfigurationIsVisible = 0;
			defaultConfigurationName = Release;
		};
		7AB037BA2B65979E0001801F /* Build configuration list for PBXNativeTarget "binding_state" */ = {
			isa = XCConfigurationList;
			buildConfigurations = (
				7AB037BB2B65979E0001801F /* Debug */,
				7AB037BC2B65979E0001801F /* Release */,
			);
			defaultConfigurationIsVisible = 0;
			defaultConfigurationName = Release;
		};
		7AB037BD2B65979E0001801F /* Build configuration list for PBXNativeTarget "binding_stateTests" */ = {
			isa = XCConfigurationList;
			buildConfigurations = (
				7AB037BE2B65979E0001801F /* Debug */,
				7AB037BF2B65979E0001801F /* Release */,
			);
			defaultConfigurationIsVisible = 0;
			defaultConfigurationName = Release;
		};
		7AB037C02B65979E0001801F /* Build configuration list for PBXNativeTarget "binding_stateUITests" */ = {
			isa = XCConfigurationList;
			buildConfigurations = (
				7AB037C12B65979E0001801F /* Debug */,
				7AB037C22B65979E0001801F /* Release */,
			);
			defaultConfigurationIsVisible = 0;
			defaultConfigurationName = Release;
		};
/* End XCConfigurationList section */
	};
	rootObject = 7AB0378D2B65979B0001801F /* Project object */;
}
