// !$*UTF8*$!
{
	archiveVersion = 1;
	classes = {
	};
	objectVersion = 56;
	objects = {

/* Begin PBXBuildFile section */
		7AB0372B2B658CF60001801F /* adding_navigation_barApp.swift in Sources */ = {isa = PBXBuildFile; fileRef = 7AB0372A2B658CF60001801F /* adding_navigation_barApp.swift */; };
		7AB0372D2B658CF60001801F /* ContentView.swift in Sources */ = {isa = PBXBuildFile; fileRef = 7AB0372C2B658CF60001801F /* ContentView.swift */; };
		7AB0372F2B658CF80001801F /* Assets.xcassets in Resources */ = {isa = PBXBuildFile; fileRef = 7AB0372E2B658CF80001801F /* Assets.xcassets */; };
		7AB037332B658CF80001801F /* Preview Assets.xcassets in Resources */ = {isa = PBXBuildFile; fileRef = 7AB037322B658CF80001801F /* Preview Assets.xcassets */; };
		7AB0373D2B658CF80001801F /* adding_navigation_barTests.swift in Sources */ = {isa = PBXBuildFile; fileRef = 7AB0373C2B658CF80001801F /* adding_navigation_barTests.swift */; };
		7AB037472B658CF80001801F /* adding_navigation_barUITests.swift in Sources */ = {isa = PBXBuildFile; fileRef = 7AB037462B658CF80001801F /* adding_navigation_barUITests.swift */; };
		7AB037492B658CF80001801F /* adding_navigation_barUITestsLaunchTests.swift in Sources */ = {isa = PBXBuildFile; fileRef = 7AB037482B658CF80001801F /* adding_navigation_barUITestsLaunchTests.swift */; };
/* End PBXBuildFile section */

/* Begin PBXContainerItemProxy section */
		7AB037392B658CF80001801F /* PBXContainerItemProxy */ = {
			isa = PBXContainerItemProxy;
			containerPortal = 7AB0371F2B658CF60001801F /* Project object */;
			proxyType = 1;
			remoteGlobalIDString = 7AB037262B658CF60001801F;
			remoteInfo = adding_navigation_bar;
		};
		7AB037432B658CF80001801F /* PBXContainerItemProxy */ = {
			isa = PBXContainerItemProxy;
			containerPortal = 7AB0371F2B658CF60001801F /* Project object */;
			proxyType = 1;
			remoteGlobalIDString = 7AB037262B658CF60001801F;
			remoteInfo = adding_navigation_bar;
		};
/* End PBXContainerItemProxy section */

/* Begin PBXFileReference section */
		7AB037272B658CF60001801F /* adding_navigation_bar.app */ = {isa = PBXFileReference; explicitFileType = wrapper.application; includeInIndex = 0; path = adding_navigation_bar.app; sourceTree = BUILT_PRODUCTS_DIR; };
		7AB0372A2B658CF60001801F /* adding_navigation_barApp.swift */ = {isa = PBXFileReference; lastKnownFileType = sourcecode.swift; path = adding_navigation_barApp.swift; sourceTree = "<group>"; };
		7AB0372C2B658CF60001801F /* ContentView.swift */ = {isa = PBXFileReference; lastKnownFileType = sourcecode.swift; path = ContentView.swift; sourceTree = "<group>"; };
		7AB0372E2B658CF80001801F /* Assets.xcassets */ = {isa = PBXFileReference; lastKnownFileType = folder.assetcatalog; path = Assets.xcassets; sourceTree = "<group>"; };
		7AB037302B658CF80001801F /* adding_navigation_bar.entitlements */ = {isa = PBXFileReference; lastKnownFileType = text.plist.entitlements; path = adding_navigation_bar.entitlements; sourceTree = "<group>"; };
		7AB037322B658CF80001801F /* Preview Assets.xcassets */ = {isa = PBXFileReference; lastKnownFileType = folder.assetcatalog; path = "Preview Assets.xcassets"; sourceTree = "<group>"; };
		7AB037382B658CF80001801F /* adding_navigation_barTests.xctest */ = {isa = PBXFileReference; explicitFileType = wrapper.cfbundle; includeInIndex = 0; path = adding_navigation_barTests.xctest; sourceTree = BUILT_PRODUCTS_DIR; };
		7AB0373C2B658CF80001801F /* adding_navigation_barTests.swift */ = {isa = PBXFileReference; lastKnownFileType = sourcecode.swift; path = adding_navigation_barTests.swift; sourceTree = "<group>"; };
		7AB037422B658CF80001801F /* adding_navigation_barUITests.xctest */ = {isa = PBXFileReference; explicitFileType = wrapper.cfbundle; includeInIndex = 0; path = adding_navigation_barUITests.xctest; sourceTree = BUILT_PRODUCTS_DIR; };
		7AB037462B658CF80001801F /* adding_navigation_barUITests.swift */ = {isa = PBXFileReference; lastKnownFileType = sourcecode.swift; path = adding_navigation_barUITests.swift; sourceTree = "<group>"; };
		7AB037482B658CF80001801F /* adding_navigation_barUITestsLaunchTests.swift */ = {isa = PBXFileReference; lastKnownFileType = sourcecode.swift; path = adding_navigation_barUITestsLaunchTests.swift; sourceTree = "<group>"; };
/* End PBXFileReference section */

/* Begin PBXFrameworksBuildPhase section */
		7AB037242B658CF60001801F /* Frameworks */ = {
			isa = PBXFrameworksBuildPhase;
			buildActionMask = 2147483647;
			files = (
			);
			runOnlyForDeploymentPostprocessing = 0;
		};
		7AB037352B658CF80001801F /* Frameworks */ = {
			isa = PBXFrameworksBuildPhase;
			buildActionMask = 2147483647;
			files = (
			);
			runOnlyForDeploymentPostprocessing = 0;
		};
		7AB0373F2B658CF80001801F /* Frameworks */ = {
			isa = PBXFrameworksBuildPhase;
			buildActionMask = 2147483647;
			files = (
			);
			runOnlyForDeploymentPostprocessing = 0;
		};
/* End PBXFrameworksBuildPhase section */

/* Begin PBXGroup section */
		7AB0371E2B658CF60001801F = {
			isa = PBXGroup;
			children = (
				7AB037292B658CF60001801F /* adding_navigation_bar */,
				7AB0373B2B658CF80001801F /* adding_navigation_barTests */,
				7AB037452B658CF80001801F /* adding_navigation_barUITests */,
				7AB037282B658CF60001801F /* Products */,
			);
			sourceTree = "<group>";
		};
		7AB037282B658CF60001801F /* Products */ = {
			isa = PBXGroup;
			children = (
				7AB037272B658CF60001801F /* adding_navigation_bar.app */,
				7AB037382B658CF80001801F /* adding_navigation_barTests.xctest */,
				7AB037422B658CF80001801F /* adding_navigation_barUITests.xctest */,
			);
			name = Products;
			sourceTree = "<group>";
		};
		7AB037292B658CF60001801F /* adding_navigation_bar */ = {
			isa = PBXGroup;
			children = (
				7AB0372A2B658CF60001801F /* adding_navigation_barApp.swift */,
				7AB0372C2B658CF60001801F /* ContentView.swift */,
				7AB0372E2B658CF80001801F /* Assets.xcassets */,
				7AB037302B658CF80001801F /* adding_navigation_bar.entitlements */,
				7AB037312B658CF80001801F /* Preview Content */,
			);
			path = adding_navigation_bar;
			sourceTree = "<group>";
		};
		7AB037312B658CF80001801F /* Preview Content */ = {
			isa = PBXGroup;
			children = (
				7AB037322B658CF80001801F /* Preview Assets.xcassets */,
			);
			path = "Preview Content";
			sourceTree = "<group>";
		};
		7AB0373B2B658CF80001801F /* adding_navigation_barTests */ = {
			isa = PBXGroup;
			children = (
				7AB0373C2B658CF80001801F /* adding_navigation_barTests.swift */,
			);
			path = adding_navigation_barTests;
			sourceTree = "<group>";
		};
		7AB037452B658CF80001801F /* adding_navigation_barUITests */ = {
			isa = PBXGroup;
			children = (
				7AB037462B658CF80001801F /* adding_navigation_barUITests.swift */,
				7AB037482B658CF80001801F /* adding_navigation_barUITestsLaunchTests.swift */,
			);
			path = adding_navigation_barUITests;
			sourceTree = "<group>";
		};
/* End PBXGroup section */

/* Begin PBXNativeTarget section */
		7AB037262B658CF60001801F /* adding_navigation_bar */ = {
			isa = PBXNativeTarget;
			buildConfigurationList = 7AB0374C2B658CF80001801F /* Build configuration list for PBXNativeTarget "adding_navigation_bar" */;
			buildPhases = (
				7AB037232B658CF60001801F /* Sources */,
				7AB037242B658CF60001801F /* Frameworks */,
				7AB037252B658CF60001801F /* Resources */,
			);
			buildRules = (
			);
			dependencies = (
			);
			name = adding_navigation_bar;
			productName = adding_navigation_bar;
			productReference = 7AB037272B658CF60001801F /* adding_navigation_bar.app */;
			productType = "com.apple.product-type.application";
		};
		7AB037372B658CF80001801F /* adding_navigation_barTests */ = {
			isa = PBXNativeTarget;
			buildConfigurationList = 7AB0374F2B658CF80001801F /* Build configuration list for PBXNativeTarget "adding_navigation_barTests" */;
			buildPhases = (
				7AB037342B658CF80001801F /* Sources */,
				7AB037352B658CF80001801F /* Frameworks */,
				7AB037362B658CF80001801F /* Resources */,
			);
			buildRules = (
			);
			dependencies = (
				7AB0373A2B658CF80001801F /* PBXTargetDependency */,
			);
			name = adding_navigation_barTests;
			productName = adding_navigation_barTests;
			productReference = 7AB037382B658CF80001801F /* adding_navigation_barTests.xctest */;
			productType = "com.apple.product-type.bundle.unit-test";
		};
		7AB037412B658CF80001801F /* adding_navigation_barUITests */ = {
			isa = PBXNativeTarget;
			buildConfigurationList = 7AB037522B658CF80001801F /* Build configuration list for PBXNativeTarget "adding_navigation_barUITests" */;
			buildPhases = (
				7AB0373E2B658CF80001801F /* Sources */,
				7AB0373F2B658CF80001801F /* Frameworks */,
				7AB037402B658CF80001801F /* Resources */,
			);
			buildRules = (
			);
			dependencies = (
				7AB037442B658CF80001801F /* PBXTargetDependency */,
			);
			name = adding_navigation_barUITests;
			productName = adding_navigation_barUITests;
			productReference = 7AB037422B658CF80001801F /* adding_navigation_barUITests.xctest */;
			productType = "com.apple.product-type.bundle.ui-testing";
		};
/* End PBXNativeTarget section */

/* Begin PBXProject section */
		7AB0371F2B658CF60001801F /* Project object */ = {
			isa = PBXProject;
			attributes = {
				BuildIndependentTargetsInParallel = 1;
				LastSwiftUpdateCheck = 1430;
				LastUpgradeCheck = 1430;
				TargetAttributes = {
					7AB037262B658CF60001801F = {
						CreatedOnToolsVersion = 14.3.1;
					};
					7AB037372B658CF80001801F = {
						CreatedOnToolsVersion = 14.3.1;
						TestTargetID = 7AB037262B658CF60001801F;
					};
					7AB037412B658CF80001801F = {
						CreatedOnToolsVersion = 14.3.1;
						TestTargetID = 7AB037262B658CF60001801F;
					};
				};
			};
			buildConfigurationList = 7AB037222B658CF60001801F /* Build configuration list for PBXProject "adding_navigation_bar" */;
			compatibilityVersion = "Xcode 14.0";
			developmentRegion = en;
			hasScannedForEncodings = 0;
			knownRegions = (
				en,
				Base,
			);
			mainGroup = 7AB0371E2B658CF60001801F;
			productRefGroup = 7AB037282B658CF60001801F /* Products */;
			projectDirPath = "";
			projectRoot = "";
			targets = (
				7AB037262B658CF60001801F /* adding_navigation_bar */,
				7AB037372B658CF80001801F /* adding_navigation_barTests */,
				7AB037412B658CF80001801F /* adding_navigation_barUITests */,
			);
		};
/* End PBXProject section */

/* Begin PBXResourcesBuildPhase section */
		7AB037252B658CF60001801F /* Resources */ = {
			isa = PBXResourcesBuildPhase;
			buildActionMask = 2147483647;
			files = (
				7AB037332B658CF80001801F /* Preview Assets.xcassets in Resources */,
				7AB0372F2B658CF80001801F /* Assets.xcassets in Resources */,
			);
			runOnlyForDeploymentPostprocessing = 0;
		};
		7AB037362B658CF80001801F /* Resources */ = {
			isa = PBXResourcesBuildPhase;
			buildActionMask = 2147483647;
			files = (
			);
			runOnlyForDeploymentPostprocessing = 0;
		};
		7AB037402B658CF80001801F /* Resources */ = {
			isa = PBXResourcesBuildPhase;
			buildActionMask = 2147483647;
			files = (
			);
			runOnlyForDeploymentPostprocessing = 0;
		};
/* End PBXResourcesBuildPhase section */

/* Begin PBXSourcesBuildPhase section */
		7AB037232B658CF60001801F /* Sources */ = {
			isa = PBXSourcesBuildPhase;
			buildActionMask = 2147483647;
			files = (
				7AB0372D2B658CF60001801F /* ContentView.swift in Sources */,
				7AB0372B2B658CF60001801F /* adding_navigation_barApp.swift in Sources */,
			);
			runOnlyForDeploymentPostprocessing = 0;
		};
		7AB037342B658CF80001801F /* Sources */ = {
			isa = PBXSourcesBuildPhase;
			buildActionMask = 2147483647;
			files = (
				7AB0373D2B658CF80001801F /* adding_navigation_barTests.swift in Sources */,
			);
			runOnlyForDeploymentPostprocessing = 0;
		};
		7AB0373E2B658CF80001801F /* Sources */ = {
			isa = PBXSourcesBuildPhase;
			buildActionMask = 2147483647;
			files = (
				7AB037472B658CF80001801F /* adding_navigation_barUITests.swift in Sources */,
				7AB037492B658CF80001801F /* adding_navigation_barUITestsLaunchTests.swift in Sources */,
			);
			runOnlyForDeploymentPostprocessing = 0;
		};
/* End PBXSourcesBuildPhase section */

/* Begin PBXTargetDependency section */
		7AB0373A2B658CF80001801F /* PBXTargetDependency */ = {
			isa = PBXTargetDependency;
			target = 7AB037262B658CF60001801F /* adding_navigation_bar */;
			targetProxy = 7AB037392B658CF80001801F /* PBXContainerItemProxy */;
		};
		7AB037442B658CF80001801F /* PBXTargetDependency */ = {
			isa = PBXTargetDependency;
			target = 7AB037262B658CF60001801F /* adding_navigation_bar */;
			targetProxy = 7AB037432B658CF80001801F /* PBXContainerItemProxy */;
		};
/* End PBXTargetDependency section */

/* Begin XCBuildConfiguration section */
		7AB0374A2B658CF80001801F /* Debug */ = {
			isa = XCBuildConfiguration;
			buildSettings = {
				ALWAYS_SEARCH_USER_PATHS = NO;
				CLANG_ANALYZER_NONNULL = YES;
				CLANG_ANALYZER_NUMBER_OBJECT_CONVERSION = YES_AGGRESSIVE;
				CLANG_CXX_LANGUAGE_STANDARD = "gnu++20";
				CLANG_ENABLE_MODULES = YES;
				CLANG_ENABLE_OBJC_ARC = YES;
				CLANG_ENABLE_OBJC_WEAK = YES;
				CLANG_WARN_BLOCK_CAPTURE_AUTORELEASING = YES;
				CLANG_WARN_BOOL_CONVERSION = YES;
				CLANG_WARN_COMMA = YES;
				CLANG_WARN_CONSTANT_CONVERSION = YES;
				CLANG_WARN_DEPRECATED_OBJC_IMPLEMENTATIONS = YES;
				CLANG_WARN_DIRECT_OBJC_ISA_USAGE = YES_ERROR;
				CLANG_WARN_DOCUMENTATION_COMMENTS = YES;
				CLANG_WARN_EMPTY_BODY = YES;
				CLANG_WARN_ENUM_CONVERSION = YES;
				CLANG_WARN_INFINITE_RECURSION = YES;
				CLANG_WARN_INT_CONVERSION = YES;
				CLANG_WARN_NON_LITERAL_NULL_CONVERSION = YES;
				CLANG_WARN_OBJC_IMPLICIT_RETAIN_SELF = YES;
				CLANG_WARN_OBJC_LITERAL_CONVERSION = YES;
				CLANG_WARN_OBJC_ROOT_CLASS = YES_ERROR;
				CLANG_WARN_QUOTED_INCLUDE_IN_FRAMEWORK_HEADER = YES;
				CLANG_WARN_RANGE_LOOP_ANALYSIS = YES;
				CLANG_WARN_STRICT_PROTOTYPES = YES;
				CLANG_WARN_SUSPICIOUS_MOVE = YES;
				CLANG_WARN_UNGUARDED_AVAILABILITY = YES_AGGRESSIVE;
				CLANG_WARN_UNREACHABLE_CODE = YES;
				CLANG_WARN__DUPLICATE_METHOD_MATCH = YES;
				COPY_PHASE_STRIP = NO;
				DEBUG_INFORMATION_FORMAT = dwarf;
				ENABLE_STRICT_OBJC_MSGSEND = YES;
				ENABLE_TESTABILITY = YES;
				GCC_C_LANGUAGE_STANDARD = gnu11;
				GCC_DYNAMIC_NO_PIC = NO;
				GCC_NO_COMMON_BLOCKS = YES;
				GCC_OPTIMIZATION_LEVEL = 0;
				GCC_PREPROCESSOR_DEFINITIONS = (
					"DEBUG=1",
					"$(inherited)",
				);
				GCC_WARN_64_TO_32_BIT_CONVERSION = YES;
				GCC_WARN_ABOUT_RETURN_TYPE = YES_ERROR;
				GCC_WARN_UNDECLARED_SELECTOR = YES;
				GCC_WARN_UNINITIALIZED_AUTOS = YES_AGGRESSIVE;
				GCC_WARN_UNUSED_FUNCTION = YES;
				GCC_WARN_UNUSED_VARIABLE = YES;
				MTL_ENABLE_DEBUG_INFO = INCLUDE_SOURCE;
				MTL_FAST_MATH = YES;
				ONLY_ACTIVE_ARCH = YES;
				SWIFT_ACTIVE_COMPILATION_CONDITIONS = DEBUG;
				SWIFT_OPTIMIZATION_LEVEL = "-Onone";
			};
			name = Debug;
		};
		7AB0374B2B658CF80001801F /* Release */ = {
			isa = XCBuildConfiguration;
			buildSettings = {
				ALWAYS_SEARCH_USER_PATHS = NO;
				CLANG_ANALYZER_NONNULL = YES;
				CLANG_ANALYZER_NUMBER_OBJECT_CONVERSION = YES_AGGRESSIVE;
				CLANG_CXX_LANGUAGE_STANDARD = "gnu++20";
				CLANG_ENABLE_MODULES = YES;
				CLANG_ENABLE_OBJC_ARC = YES;
				CLANG_ENABLE_OBJC_WEAK = YES;
				CLANG_WARN_BLOCK_CAPTURE_AUTORELEASING = YES;
				CLANG_WARN_BOOL_CONVERSION = YES;
				CLANG_WARN_COMMA = YES;
				CLANG_WARN_CONSTANT_CONVERSION = YES;
				CLANG_WARN_DEPRECATED_OBJC_IMPLEMENTATIONS = YES;
				CLANG_WARN_DIRECT_OBJC_ISA_USAGE = YES_ERROR;
				CLANG_WARN_DOCUMENTATION_COMMENTS = YES;
				CLANG_WARN_EMPTY_BODY = YES;
				CLANG_WARN_ENUM_CONVERSION = YES;
				CLANG_WARN_INFINITE_RECURSION = YES;
				CLANG_WARN_INT_CONVERSION = YES;
				CLANG_WARN_NON_LITERAL_NULL_CONVERSION = YES;
				CLANG_WARN_OBJC_IMPLICIT_RETAIN_SELF = YES;
				CLANG_WARN_OBJC_LITERAL_CONVERSION = YES;
				CLANG_WARN_OBJC_ROOT_CLASS = YES_ERROR;
				CLANG_WARN_QUOTED_INCLUDE_IN_FRAMEWORK_HEADER = YES;
				CLANG_WARN_RANGE_LOOP_ANALYSIS = YES;
				CLANG_WARN_STRICT_PROTOTYPES = YES;
				CLANG_WARN_SUSPICIOUS_MOVE = YES;
				CLANG_WARN_UNGUARDED_AVAILABILITY = YES_AGGRESSIVE;
				CLANG_WARN_UNREACHABLE_CODE = YES;
				CLANG_WARN__DUPLICATE_METHOD_MATCH = YES;
				COPY_PHASE_STRIP = NO;
				DEBUG_INFORMATION_FORMAT = "dwarf-with-dsym";
				ENABLE_NS_ASSERTIONS = NO;
				ENABLE_STRICT_OBJC_MSGSEND = YES;
				GCC_C_LANGUAGE_STANDARD = gnu11;
				GCC_NO_COMMON_BLOCKS = YES;
				GCC_WARN_64_TO_32_BIT_CONVERSION = YES;
				GCC_WARN_ABOUT_RETURN_TYPE = YES_ERROR;
				GCC_WARN_UNDECLARED_SELECTOR = YES;
				GCC_WARN_UNINITIALIZED_AUTOS = YES_AGGRESSIVE;
				GCC_WARN_UNUSED_FUNCTION = YES;
				GCC_WARN_UNUSED_VARIABLE = YES;
				MTL_ENABLE_DEBUG_INFO = NO;
				MTL_FAST_MATH = YES;
				SWIFT_COMPILATION_MODE = wholemodule;
				SWIFT_OPTIMIZATION_LEVEL = "-O";
			};
			name = Release;
		};
		7AB0374D2B658CF80001801F /* Debug */ = {
			isa = XCBuildConfiguration;
			buildSettings = {
				ASSETCATALOG_COMPILER_APPICON_NAME = AppIcon;
				ASSETCATALOG_COMPILER_GLOBAL_ACCENT_COLOR_NAME = AccentColor;
				CODE_SIGN_ENTITLEMENTS = adding_navigation_bar/adding_navigation_bar.entitlements;
				CODE_SIGN_STYLE = Automatic;
				CURRENT_PROJECT_VERSION = 1;
				DEVELOPMENT_ASSET_PATHS = "\"adding_navigation_bar/Preview Content\"";
				ENABLE_PREVIEWS = YES;
				GENERATE_INFOPLIST_FILE = YES;
				"INFOPLIST_KEY_UIApplicationSceneManifest_Generation[sdk=iphoneos*]" = YES;
				"INFOPLIST_KEY_UIApplicationSceneManifest_Generation[sdk=iphonesimulator*]" = YES;
				"INFOPLIST_KEY_UIApplicationSupportsIndirectInputEvents[sdk=iphoneos*]" = YES;
				"INFOPLIST_KEY_UIApplicationSupportsIndirectInputEvents[sdk=iphonesimulator*]" = YES;
				"INFOPLIST_KEY_UILaunchScreen_Generation[sdk=iphoneos*]" = YES;
				"INFOPLIST_KEY_UILaunchScreen_Generation[sdk=iphonesimulator*]" = YES;
				"INFOPLIST_KEY_UIStatusBarStyle[sdk=iphoneos*]" = UIStatusBarStyleDefault;
				"INFOPLIST_KEY_UIStatusBarStyle[sdk=iphonesimulator*]" = UIStatusBarStyleDefault;
				INFOPLIST_KEY_UISupportedInterfaceOrientations_iPad = "UIInterfaceOrientationPortrait UIInterfaceOrientationPortraitUpsideDown UIInterfaceOrientationLandscapeLeft UIInterfaceOrientationLandscapeRight";
				INFOPLIST_KEY_UISupportedInterfaceOrientations_iPhone = "UIInterfaceOrientationPortrait UIInterfaceOrientationLandscapeLeft UIInterfaceOrientationLandscapeRight";
				IPHONEOS_DEPLOYMENT_TARGET = 16.4;
				LD_RUNPATH_SEARCH_PATHS = "@executable_path/Frameworks";
				"LD_RUNPATH_SEARCH_PATHS[sdk=macosx*]" = "@executable_path/../Frameworks";
				MACOSX_DEPLOYMENT_TARGET = 13.3;
				MARKETING_VERSION = 1.0;
				PRODUCT_BUNDLE_IDENTIFIER = "ja.adding-navigation-bar";
				PRODUCT_NAME = "$(TARGET_NAME)";
				SDKROOT = auto;
				SUPPORTED_PLATFORMS = "iphoneos iphonesimulator macosx";
				SWIFT_EMIT_LOC_STRINGS = YES;
				SWIFT_VERSION = 5.0;
				TARGETED_DEVICE_FAMILY = "1,2";
			};
			name = Debug;
		};
		7AB0374E2B658CF80001801F /* Release */ = {
			isa = XCBuildConfiguration;
			buildSettings = {
				ASSETCATALOG_COMPILER_APPICON_NAME = AppIcon;
				ASSETCATALOG_COMPILER_GLOBAL_ACCENT_COLOR_NAME = AccentColor;
				CODE_SIGN_ENTITLEMENTS = adding_navigation_bar/adding_navigation_bar.entitlements;
				CODE_SIGN_STYLE = Automatic;
				CURRENT_PROJECT_VERSION = 1;
				DEVELOPMENT_ASSET_PATHS = "\"adding_navigation_bar/Preview Content\"";
				ENABLE_PREVIEWS = YES;
				GENERATE_INFOPLIST_FILE = YES;
				"INFOPLIST_KEY_UIApplicationSceneManifest_Generation[sdk=iphoneos*]" = YES;
				"INFOPLIST_KEY_UIApplicationSceneManifest_Generation[sdk=iphonesimulator*]" = YES;
				"INFOPLIST_KEY_UIApplicationSupportsIndirectInputEvents[sdk=iphoneos*]" = YES;
				"INFOPLIST_KEY_UIApplicationSupportsIndirectInputEvents[sdk=iphonesimulator*]" = YES;
				"INFOPLIST_KEY_UILaunchScreen_Generation[sdk=iphoneos*]" = YES;
				"INFOPLIST_KEY_UILaunchScreen_Generation[sdk=iphonesimulator*]" = YES;
				"INFOPLIST_KEY_UIStatusBarStyle[sdk=iphoneos*]" = UIStatusBarStyleDefault;
				"INFOPLIST_KEY_UIStatusBarStyle[sdk=iphonesimulator*]" = UIStatusBarStyleDefault;
				INFOPLIST_KEY_UISupportedInterfaceOrientations_iPad = "UIInterfaceOrientationPortrait UIInterfaceOrientationPortraitUpsideDown UIInterfaceOrientationLandscapeLeft UIInterfaceOrientationLandscapeRight";
				INFOPLIST_KEY_UISupportedInterfaceOrientations_iPhone = "UIInterfaceOrientationPortrait UIInterfaceOrientationLandscapeLeft UIInterfaceOrientationLandscapeRight";
				IPHONEOS_DEPLOYMENT_TARGET = 16.4;
				LD_RUNPATH_SEARCH_PATHS = "@executable_path/Frameworks";
				"LD_RUNPATH_SEARCH_PATHS[sdk=macosx*]" = "@executable_path/../Frameworks";
				MACOSX_DEPLOYMENT_TARGET = 13.3;
				MARKETING_VERSION = 1.0;
				PRODUCT_BUNDLE_IDENTIFIER = "ja.adding-navigation-bar";
				PRODUCT_NAME = "$(TARGET_NAME)";
				SDKROOT = auto;
				SUPPORTED_PLATFORMS = "iphoneos iphonesimulator macosx";
				SWIFT_EMIT_LOC_STRINGS = YES;
				SWIFT_VERSION = 5.0;
				TARGETED_DEVICE_FAMILY = "1,2";
			};
			name = Release;
		};
		7AB037502B658CF80001801F /* Debug */ = {
			isa = XCBuildConfiguration;
			buildSettings = {
				ALWAYS_EMBED_SWIFT_STANDARD_LIBRARIES = YES;
				BUNDLE_LOADER = "$(TEST_HOST)";
				CODE_SIGN_STYLE = Automatic;
				CURRENT_PROJECT_VERSION = 1;
				GENERATE_INFOPLIST_FILE = YES;
				IPHONEOS_DEPLOYMENT_TARGET = 16.4;
				MACOSX_DEPLOYMENT_TARGET = 13.3;
				MARKETING_VERSION = 1.0;
				PRODUCT_BUNDLE_IDENTIFIER = "ja.adding-navigation-barTests";
				PRODUCT_NAME = "$(TARGET_NAME)";
				SDKROOT = auto;
				SUPPORTED_PLATFORMS = "iphoneos iphonesimulator macosx";
				SWIFT_EMIT_LOC_STRINGS = NO;
				SWIFT_VERSION = 5.0;
				TARGETED_DEVICE_FAMILY = "1,2";
				TEST_HOST = "$(BUILT_PRODUCTS_DIR)/adding_navigation_bar.app/$(BUNDLE_EXECUTABLE_FOLDER_PATH)/adding_navigation_bar";
			};
			name = Debug;
		};
		7AB037512B658CF80001801F /* Release */ = {
			isa = XCBuildConfiguration;
			buildSettings = {
				ALWAYS_EMBED_SWIFT_STANDARD_LIBRARIES = YES;
				BUNDLE_LOADER = "$(TEST_HOST)";
				CODE_SIGN_STYLE = Automatic;
				CURRENT_PROJECT_VERSION = 1;
				GENERATE_INFOPLIST_FILE = YES;
				IPHONEOS_DEPLOYMENT_TARGET = 16.4;
				MACOSX_DEPLOYMENT_TARGET = 13.3;
				MARKETING_VERSION = 1.0;
				PRODUCT_BUNDLE_IDENTIFIER = "ja.adding-navigation-barTests";
				PRODUCT_NAME = "$(TARGET_NAME)";
				SDKROOT = auto;
				SUPPORTED_PLATFORMS = "iphoneos iphonesimulator macosx";
				SWIFT_EMIT_LOC_STRINGS = NO;
				SWIFT_VERSION = 5.0;
				TARGETED_DEVICE_FAMILY = "1,2";
				TEST_HOST = "$(BUILT_PRODUCTS_DIR)/adding_navigation_bar.app/$(BUNDLE_EXECUTABLE_FOLDER_PATH)/adding_navigation_bar";
			};
			name = Release;
		};
		7AB037532B658CF80001801F /* Debug */ = {
			isa = XCBuildConfiguration;
			buildSettings = {
				ALWAYS_EMBED_SWIFT_STANDARD_LIBRARIES = YES;
				CODE_SIGN_STYLE = Automatic;
				CURRENT_PROJECT_VERSION = 1;
				GENERATE_INFOPLIST_FILE = YES;
				IPHONEOS_DEPLOYMENT_TARGET = 16.4;
				MACOSX_DEPLOYMENT_TARGET = 13.3;
				MARKETING_VERSION = 1.0;
				PRODUCT_BUNDLE_IDENTIFIER = "ja.adding-navigation-barUITests";
				PRODUCT_NAME = "$(TARGET_NAME)";
				SDKROOT = auto;
				SUPPORTED_PLATFORMS = "iphoneos iphonesimulator macosx";
				SWIFT_EMIT_LOC_STRINGS = NO;
				SWIFT_VERSION = 5.0;
				TARGETED_DEVICE_FAMILY = "1,2";
				TEST_TARGET_NAME = adding_navigation_bar;
			};
			name = Debug;
		};
		7AB037542B658CF80001801F /* Release */ = {
			isa = XCBuildConfiguration;
			buildSettings = {
				ALWAYS_EMBED_SWIFT_STANDARD_LIBRARIES = YES;
				CODE_SIGN_STYLE = Automatic;
				CURRENT_PROJECT_VERSION = 1;
				GENERATE_INFOPLIST_FILE = YES;
				IPHONEOS_DEPLOYMENT_TARGET = 16.4;
				MACOSX_DEPLOYMENT_TARGET = 13.3;
				MARKETING_VERSION = 1.0;
				PRODUCT_BUNDLE_IDENTIFIER = "ja.adding-navigation-barUITests";
				PRODUCT_NAME = "$(TARGET_NAME)";
				SDKROOT = auto;
				SUPPORTED_PLATFORMS = "iphoneos iphonesimulator macosx";
				SWIFT_EMIT_LOC_STRINGS = NO;
				SWIFT_VERSION = 5.0;
				TARGETED_DEVICE_FAMILY = "1,2";
				TEST_TARGET_NAME = adding_navigation_bar;
			};
			name = Release;
		};
/* End XCBuildConfiguration section */

/* Begin XCConfigurationList section */
		7AB037222B658CF60001801F /* Build configuration list for PBXProject "adding_navigation_bar" */ = {
			isa = XCConfigurationList;
			buildConfigurations = (
				7AB0374A2B658CF80001801F /* Debug */,
				7AB0374B2B658CF80001801F /* Release */,
			);
			defaultConfigurationIsVisible = 0;
			defaultConfigurationName = Release;
		};
		7AB0374C2B658CF80001801F /* Build configuration list for PBXNativeTarget "adding_navigation_bar" */ = {
			isa = XCConfigurationList;
			buildConfigurations = (
				7AB0374D2B658CF80001801F /* Debug */,
				7AB0374E2B658CF80001801F /* Release */,
			);
			defaultConfigurationIsVisible = 0;
			defaultConfigurationName = Release;
		};
		7AB0374F2B658CF80001801F /* Build configuration list for PBXNativeTarget "adding_navigation_barTests" */ = {
			isa = XCConfigurationList;
			buildConfigurations = (
				7AB037502B658CF80001801F /* Debug */,
				7AB037512B658CF80001801F /* Release */,
			);
			defaultConfigurationIsVisible = 0;
			defaultConfigurationName = Release;
		};
		7AB037522B658CF80001801F /* Build configuration list for PBXNativeTarget "adding_navigation_barUITests" */ = {
			isa = XCConfigurationList;
			buildConfigurations = (
				7AB037532B658CF80001801F /* Debug */,
				7AB037542B658CF80001801F /* Release */,
			);
			defaultConfigurationIsVisible = 0;
			defaultConfigurationName = Release;
		};
/* End XCConfigurationList section */
	};
	rootObject = 7AB0371F2B658CF60001801F /* Project object */;
}
