// !$*UTF8*$!
{
	archiveVersion = 1;
	classes = {
	};
	objectVersion = 56;
	objects = {

/* Begin PBXBuildFile section */
		7AB037622B658F850001801F /* _3_modifying_program_stateApp.swift in Sources */ = {isa = PBXBuildFile; fileRef = 7AB037612B658F850001801F /* _3_modifying_program_stateApp.swift */; };
		7AB037642B658F850001801F /* ContentView.swift in Sources */ = {isa = PBXBuildFile; fileRef = 7AB037632B658F850001801F /* ContentView.swift */; };
		7AB037662B658F870001801F /* Assets.xcassets in Resources */ = {isa = PBXBuildFile; fileRef = 7AB037652B658F870001801F /* Assets.xcassets */; };
		7AB0376A2B658F870001801F /* Preview Assets.xcassets in Resources */ = {isa = PBXBuildFile; fileRef = 7AB037692B658F870001801F /* Preview Assets.xcassets */; };
		7AB037742B658F870001801F /* _3_modifying_program_stateTests.swift in Sources */ = {isa = PBXBuildFile; fileRef = 7AB037732B658F870001801F /* _3_modifying_program_stateTests.swift */; };
		7AB0377E2B658F870001801F /* _3_modifying_program_stateUITests.swift in Sources */ = {isa = PBXBuildFile; fileRef = 7AB0377D2B658F870001801F /* _3_modifying_program_stateUITests.swift */; };
		7AB037802B658F870001801F /* _3_modifying_program_stateUITestsLaunchTests.swift in Sources */ = {isa = PBXBuildFile; fileRef = 7AB0377F2B658F870001801F /* _3_modifying_program_stateUITestsLaunchTests.swift */; };
/* End PBXBuildFile section */

/* Begin PBXContainerItemProxy section */
		7AB037702B658F870001801F /* PBXContainerItemProxy */ = {
			isa = PBXContainerItemProxy;
			containerPortal = 7AB037562B658F850001801F /* Project object */;
			proxyType = 1;
			remoteGlobalIDString = 7AB0375D2B658F850001801F;
			remoteInfo = 03_modifying_program_state;
		};
		7AB0377A2B658F870001801F /* PBXContainerItemProxy */ = {
			isa = PBXContainerItemProxy;
			containerPortal = 7AB037562B658F850001801F /* Project object */;
			proxyType = 1;
			remoteGlobalIDString = 7AB0375D2B658F850001801F;
			remoteInfo = 03_modifying_program_state;
		};
/* End PBXContainerItemProxy section */

/* Begin PBXFileReference section */
		7AB0375E2B658F850001801F /* 03_modifying_program_state.app */ = {isa = PBXFileReference; explicitFileType = wrapper.application; includeInIndex = 0; path = 03_modifying_program_state.app; sourceTree = BUILT_PRODUCTS_DIR; };
		7AB037612B658F850001801F /* _3_modifying_program_stateApp.swift */ = {isa = PBXFileReference; lastKnownFileType = sourcecode.swift; path = _3_modifying_program_stateApp.swift; sourceTree = "<group>"; };
		7AB037632B658F850001801F /* ContentView.swift */ = {isa = PBXFileReference; lastKnownFileType = sourcecode.swift; path = ContentView.swift; sourceTree = "<group>"; };
		7AB037652B658F870001801F /* Assets.xcassets */ = {isa = PBXFileReference; lastKnownFileType = folder.assetcatalog; path = Assets.xcassets; sourceTree = "<group>"; };
		7AB037672B658F870001801F /* _3_modifying_program_state.entitlements */ = {isa = PBXFileReference; lastKnownFileType = text.plist.entitlements; path = _3_modifying_program_state.entitlements; sourceTree = "<group>"; };
		7AB037692B658F870001801F /* Preview Assets.xcassets */ = {isa = PBXFileReference; lastKnownFileType = folder.assetcatalog; path = "Preview Assets.xcassets"; sourceTree = "<group>"; };
		7AB0376F2B658F870001801F /* 03_modifying_program_stateTests.xctest */ = {isa = PBXFileReference; explicitFileType = wrapper.cfbundle; includeInIndex = 0; path = 03_modifying_program_stateTests.xctest; sourceTree = BUILT_PRODUCTS_DIR; };
		7AB037732B658F870001801F /* _3_modifying_program_stateTests.swift */ = {isa = PBXFileReference; lastKnownFileType = sourcecode.swift; path = _3_modifying_program_stateTests.swift; sourceTree = "<group>"; };
		7AB037792B658F870001801F /* 03_modifying_program_stateUITests.xctest */ = {isa = PBXFileReference; explicitFileType = wrapper.cfbundle; includeInIndex = 0; path = 03_modifying_program_stateUITests.xctest; sourceTree = BUILT_PRODUCTS_DIR; };
		7AB0377D2B658F870001801F /* _3_modifying_program_stateUITests.swift */ = {isa = PBXFileReference; lastKnownFileType = sourcecode.swift; path = _3_modifying_program_stateUITests.swift; sourceTree = "<group>"; };
		7AB0377F2B658F870001801F /* _3_modifying_program_stateUITestsLaunchTests.swift */ = {isa = PBXFileReference; lastKnownFileType = sourcecode.swift; path = _3_modifying_program_stateUITestsLaunchTests.swift; sourceTree = "<group>"; };
/* End PBXFileReference section */

/* Begin PBXFrameworksBuildPhase section */
		7AB0375B2B658F850001801F /* Frameworks */ = {
			isa = PBXFrameworksBuildPhase;
			buildActionMask = 2147483647;
			files = (
			);
			runOnlyForDeploymentPostprocessing = 0;
		};
		7AB0376C2B658F870001801F /* Frameworks */ = {
			isa = PBXFrameworksBuildPhase;
			buildActionMask = 2147483647;
			files = (
			);
			runOnlyForDeploymentPostprocessing = 0;
		};
		7AB037762B658F870001801F /* Frameworks */ = {
			isa = PBXFrameworksBuildPhase;
			buildActionMask = 2147483647;
			files = (
			);
			runOnlyForDeploymentPostprocessing = 0;
		};
/* End PBXFrameworksBuildPhase section */

/* Begin PBXGroup section */
		7AB037552B658F850001801F = {
			isa = PBXGroup;
			children = (
				7AB037602B658F850001801F /* 03_modifying_program_state */,
				7AB037722B658F870001801F /* 03_modifying_program_stateTests */,
				7AB0377C2B658F870001801F /* 03_modifying_program_stateUITests */,
				7AB0375F2B658F850001801F /* Products */,
			);
			sourceTree = "<group>";
		};
		7AB0375F2B658F850001801F /* Products */ = {
			isa = PBXGroup;
			children = (
				7AB0375E2B658F850001801F /* 03_modifying_program_state.app */,
				7AB0376F2B658F870001801F /* 03_modifying_program_stateTests.xctest */,
				7AB037792B658F870001801F /* 03_modifying_program_stateUITests.xctest */,
			);
			name = Products;
			sourceTree = "<group>";
		};
		7AB037602B658F850001801F /* 03_modifying_program_state */ = {
			isa = PBXGroup;
			children = (
				7AB037612B658F850001801F /* _3_modifying_program_stateApp.swift */,
				7AB037632B658F850001801F /* ContentView.swift */,
				7AB037652B658F870001801F /* Assets.xcassets */,
				7AB037672B658F870001801F /* _3_modifying_program_state.entitlements */,
				7AB037682B658F870001801F /* Preview Content */,
			);
			path = 03_modifying_program_state;
			sourceTree = "<group>";
		};
		7AB037682B658F870001801F /* Preview Content */ = {
			isa = PBXGroup;
			children = (
				7AB037692B658F870001801F /* Preview Assets.xcassets */,
			);
			path = "Preview Content";
			sourceTree = "<group>";
		};
		7AB037722B658F870001801F /* 03_modifying_program_stateTests */ = {
			isa = PBXGroup;
			children = (
				7AB037732B658F870001801F /* _3_modifying_program_stateTests.swift */,
			);
			path = 03_modifying_program_stateTests;
			sourceTree = "<group>";
		};
		7AB0377C2B658F870001801F /* 03_modifying_program_stateUITests */ = {
			isa = PBXGroup;
			children = (
				7AB0377D2B658F870001801F /* _3_modifying_program_stateUITests.swift */,
				7AB0377F2B658F870001801F /* _3_modifying_program_stateUITestsLaunchTests.swift */,
			);
			path = 03_modifying_program_stateUITests;
			sourceTree = "<group>";
		};
/* End PBXGroup section */

/* Begin PBXNativeTarget section */
		7AB0375D2B658F850001801F /* 03_modifying_program_state */ = {
			isa = PBXNativeTarget;
			buildConfigurationList = 7AB037832B658F870001801F /* Build configuration list for PBXNativeTarget "03_modifying_program_state" */;
			buildPhases = (
				7AB0375A2B658F850001801F /* Sources */,
				7AB0375B2B658F850001801F /* Frameworks */,
				7AB0375C2B658F850001801F /* Resources */,
			);
			buildRules = (
			);
			dependencies = (
			);
			name = 03_modifying_program_state;
			productName = 03_modifying_program_state;
			productReference = 7AB0375E2B658F850001801F /* 03_modifying_program_state.app */;
			productType = "com.apple.product-type.application";
		};
		7AB0376E2B658F870001801F /* 03_modifying_program_stateTests */ = {
			isa = PBXNativeTarget;
			buildConfigurationList = 7AB037862B658F870001801F /* Build configuration list for PBXNativeTarget "03_modifying_program_stateTests" */;
			buildPhases = (
				7AB0376B2B658F870001801F /* Sources */,
				7AB0376C2B658F870001801F /* Frameworks */,
				7AB0376D2B658F870001801F /* Resources */,
			);
			buildRules = (
			);
			dependencies = (
				7AB037712B658F870001801F /* PBXTargetDependency */,
			);
			name = 03_modifying_program_stateTests;
			productName = 03_modifying_program_stateTests;
			productReference = 7AB0376F2B658F870001801F /* 03_modifying_program_stateTests.xctest */;
			productType = "com.apple.product-type.bundle.unit-test";
		};
		7AB037782B658F870001801F /* 03_modifying_program_stateUITests */ = {
			isa = PBXNativeTarget;
			buildConfigurationList = 7AB037892B658F870001801F /* Build configuration list for PBXNativeTarget "03_modifying_program_stateUITests" */;
			buildPhases = (
				7AB037752B658F870001801F /* Sources */,
				7AB037762B658F870001801F /* Frameworks */,
				7AB037772B658F870001801F /* Resources */,
			);
			buildRules = (
			);
			dependencies = (
				7AB0377B2B658F870001801F /* PBXTargetDependency */,
			);
			name = 03_modifying_program_stateUITests;
			productName = 03_modifying_program_stateUITests;
			productReference = 7AB037792B658F870001801F /* 03_modifying_program_stateUITests.xctest */;
			productType = "com.apple.product-type.bundle.ui-testing";
		};
/* End PBXNativeTarget section */

/* Begin PBXProject section */
		7AB037562B658F850001801F /* Project object */ = {
			isa = PBXProject;
			attributes = {
				BuildIndependentTargetsInParallel = 1;
				LastSwiftUpdateCheck = 1430;
				LastUpgradeCheck = 1430;
				TargetAttributes = {
					7AB0375D2B658F850001801F = {
						CreatedOnToolsVersion = 14.3.1;
					};
					7AB0376E2B658F870001801F = {
						CreatedOnToolsVersion = 14.3.1;
						TestTargetID = 7AB0375D2B658F850001801F;
					};
					7AB037782B658F870001801F = {
						CreatedOnToolsVersion = 14.3.1;
						TestTargetID = 7AB0375D2B658F850001801F;
					};
				};
			};
			buildConfigurationList = 7AB037592B658F850001801F /* Build configuration list for PBXProject "03_modifying_program_state" */;
			compatibilityVersion = "Xcode 14.0";
			developmentRegion = en;
			hasScannedForEncodings = 0;
			knownRegions = (
				en,
				Base,
			);
			mainGroup = 7AB037552B658F850001801F;
			productRefGroup = 7AB0375F2B658F850001801F /* Products */;
			projectDirPath = "";
			projectRoot = "";
			targets = (
				7AB0375D2B658F850001801F /* 03_modifying_program_state */,
				7AB0376E2B658F870001801F /* 03_modifying_program_stateTests */,
				7AB037782B658F870001801F /* 03_modifying_program_stateUITests */,
			);
		};
/* End PBXProject section */

/* Begin PBXResourcesBuildPhase section */
		7AB0375C2B658F850001801F /* Resources */ = {
			isa = PBXResourcesBuildPhase;
			buildActionMask = 2147483647;
			files = (
				7AB0376A2B658F870001801F /* Preview Assets.xcassets in Resources */,
				7AB037662B658F870001801F /* Assets.xcassets in Resources */,
			);
			runOnlyForDeploymentPostprocessing = 0;
		};
		7AB0376D2B658F870001801F /* Resources */ = {
			isa = PBXResourcesBuildPhase;
			buildActionMask = 2147483647;
			files = (
			);
			runOnlyForDeploymentPostprocessing = 0;
		};
		7AB037772B658F870001801F /* Resources */ = {
			isa = PBXResourcesBuildPhase;
			buildActionMask = 2147483647;
			files = (
			);
			runOnlyForDeploymentPostprocessing = 0;
		};
/* End PBXResourcesBuildPhase section */

/* Begin PBXSourcesBuildPhase section */
		7AB0375A2B658F850001801F /* Sources */ = {
			isa = PBXSourcesBuildPhase;
			buildActionMask = 2147483647;
			files = (
				7AB037642B658F850001801F /* ContentView.swift in Sources */,
				7AB037622B658F850001801F /* _3_modifying_program_stateApp.swift in Sources */,
			);
			runOnlyForDeploymentPostprocessing = 0;
		};
		7AB0376B2B658F870001801F /* Sources */ = {
			isa = PBXSourcesBuildPhase;
			buildActionMask = 2147483647;
			files = (
				7AB037742B658F870001801F /* _3_modifying_program_stateTests.swift in Sources */,
			);
			runOnlyForDeploymentPostprocessing = 0;
		};
		7AB037752B658F870001801F /* Sources */ = {
			isa = PBXSourcesBuildPhase;
			buildActionMask = 2147483647;
			files = (
				7AB037802B658F870001801F /* _3_modifying_program_stateUITestsLaunchTests.swift in Sources */,
				7AB0377E2B658F870001801F /* _3_modifying_program_stateUITests.swift in Sources */,
			);
			runOnlyForDeploymentPostprocessing = 0;
		};
/* End PBXSourcesBuildPhase section */

/* Begin PBXTargetDependency section */
		7AB037712B658F870001801F /* PBXTargetDependency */ = {
			isa = PBXTargetDependency;
			target = 7AB0375D2B658F850001801F /* 03_modifying_program_state */;
			targetProxy = 7AB037702B658F870001801F /* PBXContainerItemProxy */;
		};
		7AB0377B2B658F870001801F /* PBXTargetDependency */ = {
			isa = PBXTargetDependency;
			target = 7AB0375D2B658F850001801F /* 03_modifying_program_state */;
			targetProxy = 7AB0377A2B658F870001801F /* PBXContainerItemProxy */;
		};
/* End PBXTargetDependency section */

/* Begin XCBuildConfiguration section */
		7AB037812B658F870001801F /* Debug */ = {
			isa = XCBuildConfiguration;
			buildSettings = {
				ALWAYS_SEARCH_USER_PATHS = NO;
				CLANG_ANALYZER_NONNULL = YES;
				CLANG_ANALYZER_NUMBER_OBJECT_CONVERSION = YES_AGGRESSIVE;
				CLANG_CXX_LANGUAGE_STANDARD = "gnu++20";
				CLANG_ENABLE_MODULES = YES;
				CLANG_ENABLE_OBJC_ARC = YES;
				CLANG_ENABLE_OBJC_WEAK = YES;
				CLANG_WARN_BLOCK_CAPTURE_AUTORELEASING = YES;
				CLANG_WARN_BOOL_CONVERSION = YES;
				CLANG_WARN_COMMA = YES;
				CLANG_WARN_CONSTANT_CONVERSION = YES;
				CLANG_WARN_DEPRECATED_OBJC_IMPLEMENTATIONS = YES;
				CLANG_WARN_DIRECT_OBJC_ISA_USAGE = YES_ERROR;
				CLANG_WARN_DOCUMENTATION_COMMENTS = YES;
				CLANG_WARN_EMPTY_BODY = YES;
				CLANG_WARN_ENUM_CONVERSION = YES;
				CLANG_WARN_INFINITE_RECURSION = YES;
				CLANG_WARN_INT_CONVERSION = YES;
				CLANG_WARN_NON_LITERAL_NULL_CONVERSION = YES;
				CLANG_WARN_OBJC_IMPLICIT_RETAIN_SELF = YES;
				CLANG_WARN_OBJC_LITERAL_CONVERSION = YES;
				CLANG_WARN_OBJC_ROOT_CLASS = YES_ERROR;
				CLANG_WARN_QUOTED_INCLUDE_IN_FRAMEWORK_HEADER = YES;
				CLANG_WARN_RANGE_LOOP_ANALYSIS = YES;
				CLANG_WARN_STRICT_PROTOTYPES = YES;
				CLANG_WARN_SUSPICIOUS_MOVE = YES;
				CLANG_WARN_UNGUARDED_AVAILABILITY = YES_AGGRESSIVE;
				CLANG_WARN_UNREACHABLE_CODE = YES;
				CLANG_WARN__DUPLICATE_METHOD_MATCH = YES;
				COPY_PHASE_STRIP = NO;
				DEBUG_INFORMATION_FORMAT = dwarf;
				ENABLE_STRICT_OBJC_MSGSEND = YES;
				ENABLE_TESTABILITY = YES;
				GCC_C_LANGUAGE_STANDARD = gnu11;
				GCC_DYNAMIC_NO_PIC = NO;
				GCC_NO_COMMON_BLOCKS = YES;
				GCC_OPTIMIZATION_LEVEL = 0;
				GCC_PREPROCESSOR_DEFINITIONS = (
					"DEBUG=1",
					"$(inherited)",
				);
				GCC_WARN_64_TO_32_BIT_CONVERSION = YES;
				GCC_WARN_ABOUT_RETURN_TYPE = YES_ERROR;
				GCC_WARN_UNDECLARED_SELECTOR = YES;
				GCC_WARN_UNINITIALIZED_AUTOS = YES_AGGRESSIVE;
				GCC_WARN_UNUSED_FUNCTION = YES;
				GCC_WARN_UNUSED_VARIABLE = YES;
				MTL_ENABLE_DEBUG_INFO = INCLUDE_SOURCE;
				MTL_FAST_MATH = YES;
				ONLY_ACTIVE_ARCH = YES;
				SWIFT_ACTIVE_COMPILATION_CONDITIONS = DEBUG;
				SWIFT_OPTIMIZATION_LEVEL = "-Onone";
			};
			name = Debug;
		};
		7AB037822B658F870001801F /* Release */ = {
			isa = XCBuildConfiguration;
			buildSettings = {
				ALWAYS_SEARCH_USER_PATHS = NO;
				CLANG_ANALYZER_NONNULL = YES;
				CLANG_ANALYZER_NUMBER_OBJECT_CONVERSION = YES_AGGRESSIVE;
				CLANG_CXX_LANGUAGE_STANDARD = "gnu++20";
				CLANG_ENABLE_MODULES = YES;
				CLANG_ENABLE_OBJC_ARC = YES;
				CLANG_ENABLE_OBJC_WEAK = YES;
				CLANG_WARN_BLOCK_CAPTURE_AUTORELEASING = YES;
				CLANG_WARN_BOOL_CONVERSION = YES;
				CLANG_WARN_COMMA = YES;
				CLANG_WARN_CONSTANT_CONVERSION = YES;
				CLANG_WARN_DEPRECATED_OBJC_IMPLEMENTATIONS = YES;
				CLANG_WARN_DIRECT_OBJC_ISA_USAGE = YES_ERROR;
				CLANG_WARN_DOCUMENTATION_COMMENTS = YES;
				CLANG_WARN_EMPTY_BODY = YES;
				CLANG_WARN_ENUM_CONVERSION = YES;
				CLANG_WARN_INFINITE_RECURSION = YES;
				CLANG_WARN_INT_CONVERSION = YES;
				CLANG_WARN_NON_LITERAL_NULL_CONVERSION = YES;
				CLANG_WARN_OBJC_IMPLICIT_RETAIN_SELF = YES;
				CLANG_WARN_OBJC_LITERAL_CONVERSION = YES;
				CLANG_WARN_OBJC_ROOT_CLASS = YES_ERROR;
				CLANG_WARN_QUOTED_INCLUDE_IN_FRAMEWORK_HEADER = YES;
				CLANG_WARN_RANGE_LOOP_ANALYSIS = YES;
				CLANG_WARN_STRICT_PROTOTYPES = YES;
				CLANG_WARN_SUSPICIOUS_MOVE = YES;
				CLANG_WARN_UNGUARDED_AVAILABILITY = YES_AGGRESSIVE;
				CLANG_WARN_UNREACHABLE_CODE = YES;
				CLANG_WARN__DUPLICATE_METHOD_MATCH = YES;
				COPY_PHASE_STRIP = NO;
				DEBUG_INFORMATION_FORMAT = "dwarf-with-dsym";
				ENABLE_NS_ASSERTIONS = NO;
				ENABLE_STRICT_OBJC_MSGSEND = YES;
				GCC_C_LANGUAGE_STANDARD = gnu11;
				GCC_NO_COMMON_BLOCKS = YES;
				GCC_WARN_64_TO_32_BIT_CONVERSION = YES;
				GCC_WARN_ABOUT_RETURN_TYPE = YES_ERROR;
				GCC_WARN_UNDECLARED_SELECTOR = YES;
				GCC_WARN_UNINITIALIZED_AUTOS = YES_AGGRESSIVE;
				GCC_WARN_UNUSED_FUNCTION = YES;
				GCC_WARN_UNUSED_VARIABLE = YES;
				MTL_ENABLE_DEBUG_INFO = NO;
				MTL_FAST_MATH = YES;
				SWIFT_COMPILATION_MODE = wholemodule;
				SWIFT_OPTIMIZATION_LEVEL = "-O";
			};
			name = Release;
		};
		7AB037842B658F870001801F /* Debug */ = {
			isa = XCBuildConfiguration;
			buildSettings = {
				ASSETCATALOG_COMPILER_APPICON_NAME = AppIcon;
				ASSETCATALOG_COMPILER_GLOBAL_ACCENT_COLOR_NAME = AccentColor;
				CODE_SIGN_ENTITLEMENTS = 03_modifying_program_state/_3_modifying_program_state.entitlements;
				CODE_SIGN_STYLE = Automatic;
				CURRENT_PROJECT_VERSION = 1;
				DEVELOPMENT_ASSET_PATHS = "\"03_modifying_program_state/Preview Content\"";
				ENABLE_PREVIEWS = YES;
				GENERATE_INFOPLIST_FILE = YES;
				"INFOPLIST_KEY_UIApplicationSceneManifest_Generation[sdk=iphoneos*]" = YES;
				"INFOPLIST_KEY_UIApplicationSceneManifest_Generation[sdk=iphonesimulator*]" = YES;
				"INFOPLIST_KEY_UIApplicationSupportsIndirectInputEvents[sdk=iphoneos*]" = YES;
				"INFOPLIST_KEY_UIApplicationSupportsIndirectInputEvents[sdk=iphonesimulator*]" = YES;
				"INFOPLIST_KEY_UILaunchScreen_Generation[sdk=iphoneos*]" = YES;
				"INFOPLIST_KEY_UILaunchScreen_Generation[sdk=iphonesimulator*]" = YES;
				"INFOPLIST_KEY_UIStatusBarStyle[sdk=iphoneos*]" = UIStatusBarStyleDefault;
				"INFOPLIST_KEY_UIStatusBarStyle[sdk=iphonesimulator*]" = UIStatusBarStyleDefault;
				INFOPLIST_KEY_UISupportedInterfaceOrientations_iPad = "UIInterfaceOrientationPortrait UIInterfaceOrientationPortraitUpsideDown UIInterfaceOrientationLandscapeLeft UIInterfaceOrientationLandscapeRight";
				INFOPLIST_KEY_UISupportedInterfaceOrientations_iPhone = "UIInterfaceOrientationPortrait UIInterfaceOrientationLandscapeLeft UIInterfaceOrientationLandscapeRight";
				IPHONEOS_DEPLOYMENT_TARGET = 16.4;
				LD_RUNPATH_SEARCH_PATHS = "@executable_path/Frameworks";
				"LD_RUNPATH_SEARCH_PATHS[sdk=macosx*]" = "@executable_path/../Frameworks";
				MACOSX_DEPLOYMENT_TARGET = 13.3;
				MARKETING_VERSION = 1.0;
				PRODUCT_BUNDLE_IDENTIFIER = "ja.-3-modifying-program-state";
				PRODUCT_NAME = "$(TARGET_NAME)";
				SDKROOT = auto;
				SUPPORTED_PLATFORMS = "iphoneos iphonesimulator macosx";
				SWIFT_EMIT_LOC_STRINGS = YES;
				SWIFT_VERSION = 5.0;
				TARGETED_DEVICE_FAMILY = "1,2";
			};
			name = Debug;
		};
		7AB037852B658F870001801F /* Release */ = {
			isa = XCBuildConfiguration;
			buildSettings = {
				ASSETCATALOG_COMPILER_APPICON_NAME = AppIcon;
				ASSETCATALOG_COMPILER_GLOBAL_ACCENT_COLOR_NAME = AccentColor;
				CODE_SIGN_ENTITLEMENTS = 03_modifying_program_state/_3_modifying_program_state.entitlements;
				CODE_SIGN_STYLE = Automatic;
				CURRENT_PROJECT_VERSION = 1;
				DEVELOPMENT_ASSET_PATHS = "\"03_modifying_program_state/Preview Content\"";
				ENABLE_PREVIEWS = YES;
				GENERATE_INFOPLIST_FILE = YES;
				"INFOPLIST_KEY_UIApplicationSceneManifest_Generation[sdk=iphoneos*]" = YES;
				"INFOPLIST_KEY_UIApplicationSceneManifest_Generation[sdk=iphonesimulator*]" = YES;
				"INFOPLIST_KEY_UIApplicationSupportsIndirectInputEvents[sdk=iphoneos*]" = YES;
				"INFOPLIST_KEY_UIApplicationSupportsIndirectInputEvents[sdk=iphonesimulator*]" = YES;
				"INFOPLIST_KEY_UILaunchScreen_Generation[sdk=iphoneos*]" = YES;
				"INFOPLIST_KEY_UILaunchScreen_Generation[sdk=iphonesimulator*]" = YES;
				"INFOPLIST_KEY_UIStatusBarStyle[sdk=iphoneos*]" = UIStatusBarStyleDefault;
				"INFOPLIST_KEY_UIStatusBarStyle[sdk=iphonesimulator*]" = UIStatusBarStyleDefault;
				INFOPLIST_KEY_UISupportedInterfaceOrientations_iPad = "UIInterfaceOrientationPortrait UIInterfaceOrientationPortraitUpsideDown UIInterfaceOrientationLandscapeLeft UIInterfaceOrientationLandscapeRight";
				INFOPLIST_KEY_UISupportedInterfaceOrientations_iPhone = "UIInterfaceOrientationPortrait UIInterfaceOrientationLandscapeLeft UIInterfaceOrientationLandscapeRight";
				IPHONEOS_DEPLOYMENT_TARGET = 16.4;
				LD_RUNPATH_SEARCH_PATHS = "@executable_path/Frameworks";
				"LD_RUNPATH_SEARCH_PATHS[sdk=macosx*]" = "@executable_path/../Frameworks";
				MACOSX_DEPLOYMENT_TARGET = 13.3;
				MARKETING_VERSION = 1.0;
				PRODUCT_BUNDLE_IDENTIFIER = "ja.-3-modifying-program-state";
				PRODUCT_NAME = "$(TARGET_NAME)";
				SDKROOT = auto;
				SUPPORTED_PLATFORMS = "iphoneos iphonesimulator macosx";
				SWIFT_EMIT_LOC_STRINGS = YES;
				SWIFT_VERSION = 5.0;
				TARGETED_DEVICE_FAMILY = "1,2";
			};
			name = Release;
		};
		7AB037872B658F870001801F /* Debug */ = {
			isa = XCBuildConfiguration;
			buildSettings = {
				ALWAYS_EMBED_SWIFT_STANDARD_LIBRARIES = YES;
				BUNDLE_LOADER = "$(TEST_HOST)";
				CODE_SIGN_STYLE = Automatic;
				CURRENT_PROJECT_VERSION = 1;
				GENERATE_INFOPLIST_FILE = YES;
				IPHONEOS_DEPLOYMENT_TARGET = 16.4;
				MACOSX_DEPLOYMENT_TARGET = 13.3;
				MARKETING_VERSION = 1.0;
				PRODUCT_BUNDLE_IDENTIFIER = "ja.-3-modifying-program-stateTests";
				PRODUCT_NAME = "$(TARGET_NAME)";
				SDKROOT = auto;
				SUPPORTED_PLATFORMS = "iphoneos iphonesimulator macosx";
				SWIFT_EMIT_LOC_STRINGS = NO;
				SWIFT_VERSION = 5.0;
				TARGETED_DEVICE_FAMILY = "1,2";
				TEST_HOST = "$(BUILT_PRODUCTS_DIR)/03_modifying_program_state.app/$(BUNDLE_EXECUTABLE_FOLDER_PATH)/03_modifying_program_state";
			};
			name = Debug;
		};
		7AB037882B658F870001801F /* Release */ = {
			isa = XCBuildConfiguration;
			buildSettings = {
				ALWAYS_EMBED_SWIFT_STANDARD_LIBRARIES = YES;
				BUNDLE_LOADER = "$(TEST_HOST)";
				CODE_SIGN_STYLE = Automatic;
				CURRENT_PROJECT_VERSION = 1;
				GENERATE_INFOPLIST_FILE = YES;
				IPHONEOS_DEPLOYMENT_TARGET = 16.4;
				MACOSX_DEPLOYMENT_TARGET = 13.3;
				MARKETING_VERSION = 1.0;
				PRODUCT_BUNDLE_IDENTIFIER = "ja.-3-modifying-program-stateTests";
				PRODUCT_NAME = "$(TARGET_NAME)";
				SDKROOT = auto;
				SUPPORTED_PLATFORMS = "iphoneos iphonesimulator macosx";
				SWIFT_EMIT_LOC_STRINGS = NO;
				SWIFT_VERSION = 5.0;
				TARGETED_DEVICE_FAMILY = "1,2";
				TEST_HOST = "$(BUILT_PRODUCTS_DIR)/03_modifying_program_state.app/$(BUNDLE_EXECUTABLE_FOLDER_PATH)/03_modifying_program_state";
			};
			name = Release;
		};
		7AB0378A2B658F870001801F /* Debug */ = {
			isa = XCBuildConfiguration;
			buildSettings = {
				ALWAYS_EMBED_SWIFT_STANDARD_LIBRARIES = YES;
				CODE_SIGN_STYLE = Automatic;
				CURRENT_PROJECT_VERSION = 1;
				GENERATE_INFOPLIST_FILE = YES;
				IPHONEOS_DEPLOYMENT_TARGET = 16.4;
				MACOSX_DEPLOYMENT_TARGET = 13.3;
				MARKETING_VERSION = 1.0;
				PRODUCT_BUNDLE_IDENTIFIER = "ja.-3-modifying-program-stateUITests";
				PRODUCT_NAME = "$(TARGET_NAME)";
				SDKROOT = auto;
				SUPPORTED_PLATFORMS = "iphoneos iphonesimulator macosx";
				SWIFT_EMIT_LOC_STRINGS = NO;
				SWIFT_VERSION = 5.0;
				TARGETED_DEVICE_FAMILY = "1,2";
				TEST_TARGET_NAME = 03_modifying_program_state;
			};
			name = Debug;
		};
		7AB0378B2B658F870001801F /* Release */ = {
			isa = XCBuildConfiguration;
			buildSettings = {
				ALWAYS_EMBED_SWIFT_STANDARD_LIBRARIES = YES;
				CODE_SIGN_STYLE = Automatic;
				CURRENT_PROJECT_VERSION = 1;
				GENERATE_INFOPLIST_FILE = YES;
				IPHONEOS_DEPLOYMENT_TARGET = 16.4;
				MACOSX_DEPLOYMENT_TARGET = 13.3;
				MARKETING_VERSION = 1.0;
				PRODUCT_BUNDLE_IDENTIFIER = "ja.-3-modifying-program-stateUITests";
				PRODUCT_NAME = "$(TARGET_NAME)";
				SDKROOT = auto;
				SUPPORTED_PLATFORMS = "iphoneos iphonesimulator macosx";
				SWIFT_EMIT_LOC_STRINGS = NO;
				SWIFT_VERSION = 5.0;
				TARGETED_DEVICE_FAMILY = "1,2";
				TEST_TARGET_NAME = 03_modifying_program_state;
			};
			name = Release;
		};
/* End XCBuildConfiguration section */

/* Begin XCConfigurationList section */
		7AB037592B658F850001801F /* Build configuration list for PBXProject "03_modifying_program_state" */ = {
			isa = XCConfigurationList;
			buildConfigurations = (
				7AB037812B658F870001801F /* Debug */,
				7AB037822B658F870001801F /* Release */,
			);
			defaultConfigurationIsVisible = 0;
			defaultConfigurationName = Release;
		};
		7AB037832B658F870001801F /* Build configuration list for PBXNativeTarget "03_modifying_program_state" */ = {
			isa = XCConfigurationList;
			buildConfigurations = (
				7AB037842B658F870001801F /* Debug */,
				7AB037852B658F870001801F /* Release */,
			);
			defaultConfigurationIsVisible = 0;
			defaultConfigurationName = Release;
		};
		7AB037862B658F870001801F /* Build configuration list for PBXNativeTarget "03_modifying_program_stateTests" */ = {
			isa = XCConfigurationList;
			buildConfigurations = (
				7AB037872B658F870001801F /* Debug */,
				7AB037882B658F870001801F /* Release */,
			);
			defaultConfigurationIsVisible = 0;
			defaultConfigurationName = Release;
		};
		7AB037892B658F870001801F /* Build configuration list for PBXNativeTarget "03_modifying_program_stateUITests" */ = {
			isa = XCConfigurationList;
			buildConfigurations = (
				7AB0378A2B658F870001801F /* Debug */,
				7AB0378B2B658F870001801F /* Release */,
			);
			defaultConfigurationIsVisible = 0;
			defaultConfigurationName = Release;
		};
/* End XCConfigurationList section */
	};
	rootObject = 7AB037562B658F850001801F /* Project object */;
}
